// !$*UTF8*$!
{
	archiveVersion = 1;
	classes = {
	};
	objectVersion = 56;
	objects = {

/* Begin PBXBuildFile section */
		03FC3B928C7FF7A88A3B6637 /* CommonUniforms.h in Sources */ = {isa = PBXBuildFile; fileRef = 5FBD47A19ABACCF82767197C /* CommonUniforms.h */; };
		081A9A06DFDB6D2DCCCAE343 /* AnimationManager.cpp in Sources */ = {isa = PBXBuildFile; fileRef = EBF846548488DC5997004413 /* AnimationManager.cpp */; };
		08AE236E40150C6D07B7AF70 /* BaseDataFileSerializer.h in Sources */ = {isa = PBXBuildFile; fileRef = 3F2663D4D8A6185959494E12 /* BaseDataFileSerializer.h */; };
		0BBF6683EF819A4D125B98A0 /* ThreadSafeQueue.h in Sources */ = {isa = PBXBuildFile; fileRef = 989D5D93E995723F377B2323 /* ThreadSafeQueue.h */; };
		1A0A06ECB05A6339650AB10F /* BoardState.h in Sources */ = {isa = PBXBuildFile; fileRef = 4398AC9752C488A02F59D8D2 /* BoardState.h */; };
		1EB158AD6807266C96047A69 /* SerializationDefinitions.h in Sources */ = {isa = PBXBuildFile; fileRef = FCD986CB07334B2433EB426D /* SerializationDefinitions.h */; };
		29126AABDF932B273DF5D906 /* Editor.h in Sources */ = {isa = PBXBuildFile; fileRef = 88F1CBB8FE5D806DABB02E53 /* Editor.h */; };
		2DEEC97E3FA3C0533CF8B865 /* AnimationManager.h in Sources */ = {isa = PBXBuildFile; fileRef = 36BA43D12A116F9CEDEEC5BB /* AnimationManager.h */; };
		375CF744752DAD753E71E484 /* BoardState.h in Sources */ = {isa = PBXBuildFile; fileRef = 4398AC9752C488A02F59D8D2 /* BoardState.h */; };
		3932349844F41A87BC153A8B /* TypeTraits.cpp in Sources */ = {isa = PBXBuildFile; fileRef = EEE04C21CA0FF05632F35BB0 /* TypeTraits.cpp */; };
		3BF66DE631A90A5B18DAA6D7 /* ImageSurfaceLoader.h in Sources */ = {isa = PBXBuildFile; fileRef = 809A245389B128D782E60C07 /* ImageSurfaceLoader.h */; };
		41E7E2FEFA9B22AD3A7B3599 /* AnimatedButton.h in Sources */ = {isa = PBXBuildFile; fileRef = 6166C0765AEB3CD277F0F344 /* AnimatedButton.h */; };
		44086937DD07908B28F64CDE /* EditorUtils.h in Sources */ = {isa = PBXBuildFile; fileRef = E47CA9E2033607E3B69920E7 /* EditorUtils.h */; };
		46F6BCE0E0E5C698199D1767 /* BaseDataFileDeserializer.cpp in Sources */ = {isa = PBXBuildFile; fileRef = F0FFCD7AE0C78521E3B1DFF2 /* BaseDataFileDeserializer.cpp */; };
		4806A612F0016F3AA933D2E6 /* Events.h in Sources */ = {isa = PBXBuildFile; fileRef = B44A455E0B720A9A63FF5AA4 /* Events.h */; };
		4B4CF9850E3F8C1AC25DA9BE /* stb_image_write.h in Sources */ = {isa = PBXBuildFile; fileRef = AD91490AA01CC7CAB71ABD60 /* stb_image_write.h */; };
		4B5EE6B6AF15AF7217A0A53D /* ZekeFlipClientReachability.m in Sources */ = {isa = PBXBuildFile; fileRef = A64986DFF49C6EE24DA621FD /* ZekeFlipClientReachability.m */; };
		4E71A19BB3DA7B87946D19C7 /* Date.h in Sources */ = {isa = PBXBuildFile; fileRef = E641ED7689F0E595A6995C4C /* Date.h */; };
		55829FADDA61622F0EF0EB99 /* ZekeFlipClientReachability.h in Sources */ = {isa = PBXBuildFile; fileRef = F216D40C60E4A5AFF4AE2C1E /* ZekeFlipClientReachability.h */; };
		5700CF9344E97B37469EA5D0 /* AnimatedButton.h in Sources */ = {isa = PBXBuildFile; fileRef = 6166C0765AEB3CD277F0F344 /* AnimatedButton.h */; };
		585B29CB2A5B327691092893 /* SceneManager.cpp in Sources */ = {isa = PBXBuildFile; fileRef = B0E40336BF3CCBB53A0B7053 /* SceneManager.cpp */; };
		586FC82ED8145B0ED5BF060F /* AnimatedButton.cpp in Sources */ = {isa = PBXBuildFile; fileRef = 4291B0197C1CCAA06C6C6D63 /* AnimatedButton.cpp */; };
		5C9953DDFEE1C355339E8F4D /* EventSystem.cpp in Sources */ = {isa = PBXBuildFile; fileRef = 549C84D3FE6BA93E39F0B406 /* EventSystem.cpp */; };
		5E2DBB8D2706EB68C9F73856 /* SoundManager.cpp in Sources */ = {isa = PBXBuildFile; fileRef = 7002E4E05285B676C7910C17 /* SoundManager.cpp */; };
		63ACAC4B14C52F77FD898EB9 /* SceneManager.h in Sources */ = {isa = PBXBuildFile; fileRef = 2D9F44C3DC0B2CD50A891B5D /* SceneManager.h */; };
		663B14CEBD3E12CA6431B90A /* EditorImGuiCommands.inc in Sources */ = {isa = PBXBuildFile; fileRef = 2FFF150A710419BB275FAF6D /* EditorImGuiCommands.inc */; };
		66AB165A307A903CD1E44358 /* SoundManager.h in Sources */ = {isa = PBXBuildFile; fileRef = 4E45BF6E91E8A78C5D531D26 /* SoundManager.h */; };
		677F932299BE47880C7109AC /* EditorUtils.h in Sources */ = {isa = PBXBuildFile; fileRef = E47CA9E2033607E3B69920E7 /* EditorUtils.h */; };
		67B1455F17EDD453F49F14AA /* ImageSurfaceResource.cpp in Sources */ = {isa = PBXBuildFile; fileRef = E3503F93D9327A645A426E67 /* ImageSurfaceResource.cpp */; };
		77C704E8876A1AC23EEE1182 /* CommonUniforms.h in Sources */ = {isa = PBXBuildFile; fileRef = 5FBD47A19ABACCF82767197C /* CommonUniforms.h */; };
		786063C15D9206FCF4754A11 /* Animations.h in Sources */ = {isa = PBXBuildFile; fileRef = 64A0A7BE4A8B84A02E685B42 /* Animations.h */; };
		7FF61324BBA1F6D4E1EC3F71 /* RenderingUtils.h in Sources */ = {isa = PBXBuildFile; fileRef = 9185C9CB0C297CF483484A21 /* RenderingUtils.h */; };
		822FE0D9B0F43ABCCA670AEE /* Logging.cpp in Sources */ = {isa = PBXBuildFile; fileRef = 0495EBE27B4909681DD3349B /* Logging.cpp */; };
		84315642A814819314A60879 /* Editor.cpp in Sources */ = {isa = PBXBuildFile; fileRef = 388256D6EE42CBA74550DE48 /* Editor.cpp */; };
		85C41770CE2B0030CEA2530E /* ZekeFlipClientReachability.m in Sources */ = {isa = PBXBuildFile; fileRef = A64986DFF49C6EE24DA621FD /* ZekeFlipClientReachability.m */; };
		860EB71A433096C480955728 /* SceneObjectUtils.cpp in Sources */ = {isa = PBXBuildFile; fileRef = 737A7BF42484F5DE03FA7A46 /* SceneObjectUtils.cpp */; };
		87A8C87B81C696FE66FCCA16 /* ImageSurfaceResource.h in Sources */ = {isa = PBXBuildFile; fileRef = BFEE31CB1C81B110DF5D5525 /* ImageSurfaceResource.h */; };
		89B307D51149EA58A7C49C5B /* AnimatedButton.cpp in Sources */ = {isa = PBXBuildFile; fileRef = 4291B0197C1CCAA06C6C6D63 /* AnimatedButton.cpp */; };
		8F23093EE098A3EBA8E96C18 /* ImageSurfaceLoader.cpp in Sources */ = {isa = PBXBuildFile; fileRef = 59DF82D26A3BD281A3C982D8 /* ImageSurfaceLoader.cpp */; };
		92043B0E2A0947A4007CC7DE /* AVFAudio.framework in Frameworks */ = {isa = PBXBuildFile; fileRef = 92043B022A0947A4007CC7DE /* AVFAudio.framework */; };
		9206EBCE2ACDC3FF00198337 /* Game.cpp in Sources */ = {isa = PBXBuildFile; fileRef = 9206EB012ACDC3FE00198337 /* Game.cpp */; };
		9206EBCF2ACDC3FF00198337 /* TextureResource.cpp in Sources */ = {isa = PBXBuildFile; fileRef = 9206EB072ACDC3FE00198337 /* TextureResource.cpp */; };
		9206EBD02ACDC3FF00198337 /* TextureLoader.cpp in Sources */ = {isa = PBXBuildFile; fileRef = 9206EB092ACDC3FE00198337 /* TextureLoader.cpp */; };
		9206EBD12ACDC3FF00198337 /* OBJMeshLoader.cpp in Sources */ = {isa = PBXBuildFile; fileRef = 9206EB0E2ACDC3FE00198337 /* OBJMeshLoader.cpp */; };
		9206EBD22ACDC3FF00198337 /* ResourceLoadingService.cpp in Sources */ = {isa = PBXBuildFile; fileRef = 9206EB112ACDC3FE00198337 /* ResourceLoadingService.cpp */; };
		9206EBD32ACDC3FF00198337 /* MeshResource.cpp in Sources */ = {isa = PBXBuildFile; fileRef = 9206EB142ACDC3FE00198337 /* MeshResource.cpp */; };
		9206EBD42ACDC3FF00198337 /* ShaderResource.cpp in Sources */ = {isa = PBXBuildFile; fileRef = 9206EB162ACDC3FE00198337 /* ShaderResource.cpp */; };
		9206EBD52ACDC3FF00198337 /* DataFileResource.cpp in Sources */ = {isa = PBXBuildFile; fileRef = 9206EB182ACDC3FE00198337 /* DataFileResource.cpp */; };
		9206EBD62ACDC3FF00198337 /* ShaderLoader.cpp in Sources */ = {isa = PBXBuildFile; fileRef = 9206EB192ACDC3FE00198337 /* ShaderLoader.cpp */; };
		9206EBD72ACDC3FF00198337 /* DataFileLoader.cpp in Sources */ = {isa = PBXBuildFile; fileRef = 9206EB1A2ACDC3FE00198337 /* DataFileLoader.cpp */; };
		9206EBD82ACDC3FF00198337 /* MathUtils.cpp in Sources */ = {isa = PBXBuildFile; fileRef = 9206EB212ACDC3FE00198337 /* MathUtils.cpp */; };
		9206EBD92ACDC3FF00198337 /* Camera.cpp in Sources */ = {isa = PBXBuildFile; fileRef = 9206EB262ACDC3FE00198337 /* Camera.cpp */; };
		9206EBDA2ACDC3FF00198337 /* Fonts.cpp in Sources */ = {isa = PBXBuildFile; fileRef = 9206EB272ACDC3FE00198337 /* Fonts.cpp */; };
		9206EBDB2ACDC3FF00198337 /* glew.c in Sources */ = {isa = PBXBuildFile; fileRef = 9206EB2B2ACDC3FE00198337 /* glew.c */; };
		9206EBDD2ACDC3FF00198337 /* Scene.cpp in Sources */ = {isa = PBXBuildFile; fileRef = 9206EB312ACDC3FE00198337 /* Scene.cpp */; };
		9206EBFD2ACDC99D00198337 /* CoreSystemsEnginePlatformImpl.cpp in Sources */ = {isa = PBXBuildFile; fileRef = 9206EBF72ACDC99D00198337 /* CoreSystemsEnginePlatformImpl.cpp */; };
		9206EBFE2ACDC99D00198337 /* RendererPlatformImpl.cpp in Sources */ = {isa = PBXBuildFile; fileRef = 9206EBF92ACDC99D00198337 /* RendererPlatformImpl.cpp */; };
		9206EBFF2ACDC99D00198337 /* InputStateManagerPlatformImpl.cpp in Sources */ = {isa = PBXBuildFile; fileRef = 9206EBFA2ACDC99D00198337 /* InputStateManagerPlatformImpl.cpp */; };
		9206EC002ACDC99D00198337 /* SDL_uikit_main.c in Sources */ = {isa = PBXBuildFile; fileRef = 9206EBFB2ACDC99D00198337 /* SDL_uikit_main.c */; };
		9206EC3D2ACDCD9100198337 /* assets in Resources */ = {isa = PBXBuildFile; fileRef = 9206EC3C2ACDCD9100198337 /* assets */; };
		920C541A2B8120CE006F6743 /* OpenAL.framework in Frameworks */ = {isa = PBXBuildFile; fileRef = 920C540B2B8120CE006F6743 /* OpenAL.framework */; };
		925592C72BA09F3E001D7B97 /* SDL2_image.framework in Embed Frameworks */ = {isa = PBXBuildFile; fileRef = 925592C42BA09F3E001D7B97 /* SDL2_image.framework */; settings = {ATTRIBUTES = (CodeSignOnCopy, RemoveHeadersOnCopy, ); }; };
		925FD880298AD7D50058E747 /* AudioToolbox.framework in Frameworks */ = {isa = PBXBuildFile; fileRef = 925FD87F298AD7D50058E747 /* AudioToolbox.framework */; };
		92678D5E2BC6975F0077C215 /* SDL2_image.framework in Frameworks */ = {isa = PBXBuildFile; fileRef = 925592C42BA09F3E001D7B97 /* SDL2_image.framework */; };
		92678D622BC6CA6A0077C215 /* SDL2.framework in Frameworks */ = {isa = PBXBuildFile; fileRef = 92678D612BC6CA6A0077C215 /* SDL2.framework */; };
		92678D632BC6CA6A0077C215 /* SDL2.framework in Embed Frameworks */ = {isa = PBXBuildFile; fileRef = 92678D612BC6CA6A0077C215 /* SDL2.framework */; settings = {ATTRIBUTES = (CodeSignOnCopy, RemoveHeadersOnCopy, ); }; };
		92B70E11E488B7FC538EE2AF /* BoardState.h in Sources */ = {isa = PBXBuildFile; fileRef = 4398AC9752C488A02F59D8D2 /* BoardState.h */; };
		92C536D12C245161008CD2BF /* AppleSoundUtils.h in Headers */ = {isa = PBXBuildFile; fileRef = 92C536C42C245161008CD2BF /* AppleSoundUtils.h */; };
		92C536D22C245161008CD2BF /* AppleSoundUtils.mm in Sources */ = {isa = PBXBuildFile; fileRef = 92C536C52C245161008CD2BF /* AppleSoundUtils.mm */; };
		92C536D32C245161008CD2BF /* AppleUtils.h in Headers */ = {isa = PBXBuildFile; fileRef = 92C536C62C245161008CD2BF /* AppleUtils.h */; };
		92C536D42C245161008CD2BF /* AppleUtils.mm in Sources */ = {isa = PBXBuildFile; fileRef = 92C536C72C245161008CD2BF /* AppleUtils.mm */; };
		92C536D52C245161008CD2BF /* BackgroundMusicPlayer.h in Headers */ = {isa = PBXBuildFile; fileRef = 92C536C82C245161008CD2BF /* BackgroundMusicPlayer.h */; };
		92C536D62C245161008CD2BF /* BackgroundMusicPlayer.mm in Sources */ = {isa = PBXBuildFile; fileRef = 92C536C92C245161008CD2BF /* BackgroundMusicPlayer.mm */; };
		92C536D72C245161008CD2BF /* SfxPlayer.h in Headers */ = {isa = PBXBuildFile; fileRef = 92C536CA2C245161008CD2BF /* SfxPlayer.h */; };
		92C536D82C245161008CD2BF /* SfxPlayer.mm in Sources */ = {isa = PBXBuildFile; fileRef = 92C536CB2C245161008CD2BF /* SfxPlayer.mm */; };
		92C7FC462B06794C008568C6 /* UIKit.framework in Frameworks */ = {isa = PBXBuildFile; fileRef = 92C7FC372B06794C008568C6 /* UIKit.framework */; };
		92C851692969A7CB0021923F /* Assets.xcassets in Resources */ = {isa = PBXBuildFile; fileRef = 92C851682969A7CB0021923F /* Assets.xcassets */; };
		92C8516C2969A7CB0021923F /* LaunchScreen.storyboard in Resources */ = {isa = PBXBuildFile; fileRef = 92C8516A2969A7CB0021923F /* LaunchScreen.storyboard */; };
		92C851BA2969A9D70021923F /* main.cpp in Sources */ = {isa = PBXBuildFile; fileRef = 92C851B92969A9D70021923F /* main.cpp */; };
		92CA975B2B653BC000B53B01 /* StoreKit.framework in Frameworks */ = {isa = PBXBuildFile; fileRef = 92CA974C2B653BBF00B53B01 /* StoreKit.framework */; };
		92E96A6B29803597004A3120 /* OpenGLES.framework in Frameworks */ = {isa = PBXBuildFile; fileRef = 92E96A5F29803597004A3120 /* OpenGLES.framework */; };
		A06267DC99AA41180FEEC5E7 /* IOSUtils.h in Sources */ = {isa = PBXBuildFile; fileRef = 70EAA9FFECCEE753A4D14AFF /* IOSUtils.h */; };
		A2D77982E2E1A21D9C1F22E3 /* EventSystem.h in Sources */ = {isa = PBXBuildFile; fileRef = E3A1C56ACA5ABB18A5A59BA3 /* EventSystem.h */; };
		A331989FB0AE2A026AD426B9 /* EditorUtils.h in Sources */ = {isa = PBXBuildFile; fileRef = E47CA9E2033607E3B69920E7 /* EditorUtils.h */; };
		AD7BB55992EC6177BB3DE6B1 /* RenderingUtils.cpp in Sources */ = {isa = PBXBuildFile; fileRef = 484A6A1B1B0D7ADC1BEEF99A /* RenderingUtils.cpp */; };
		AE22507215A89C5059C9B6E4 /* ParticleManager.cpp in Sources */ = {isa = PBXBuildFile; fileRef = E765BE8BAD6EAAC5948DFB99 /* ParticleManager.cpp */; };
		B370C48D775F88C36EC2D794 /* ZekeFlipClientReachability.h in Sources */ = {isa = PBXBuildFile; fileRef = F216D40C60E4A5AFF4AE2C1E /* ZekeFlipClientReachability.h */; };
		B3DB0F08953CBEE7D2F5B41B /* ZekeFlipClientReachability.m in Sources */ = {isa = PBXBuildFile; fileRef = A64986DFF49C6EE24DA621FD /* ZekeFlipClientReachability.m */; };
		B4646BE5AB02E3828791D61E /* SceneObjectUtils.h in Sources */ = {isa = PBXBuildFile; fileRef = 4D44F8A7427AB83EA69F0455 /* SceneObjectUtils.h */; };
		B804DE2F9BEBBBC2BCB8C13A /* BoardState.cpp in Sources */ = {isa = PBXBuildFile; fileRef = 4E48C07AC66C9A5601EE5003 /* BoardState.cpp */; };
		C59F2802738C1A4F673A8FF7 /* AnimatedButton.h in Sources */ = {isa = PBXBuildFile; fileRef = 6166C0765AEB3CD277F0F344 /* AnimatedButton.h */; };
		CAFC5CC097FDBAAB25D2E05B /* AnimatedButton.cpp in Sources */ = {isa = PBXBuildFile; fileRef = 4291B0197C1CCAA06C6C6D63 /* AnimatedButton.cpp */; };
		CB369EDB3723CEDB16D2A2FE /* BaseDataFileSerializer.cpp in Sources */ = {isa = PBXBuildFile; fileRef = 289376069695D28346FCC23A /* BaseDataFileSerializer.cpp */; };
		CDD8CCF3F48EB6F564C1E6D6 /* CommonUniforms.h in Sources */ = {isa = PBXBuildFile; fileRef = 5FBD47A19ABACCF82767197C /* CommonUniforms.h */; };
		DC4584BE8A9D5469716C9E04 /* BoardState.cpp in Sources */ = {isa = PBXBuildFile; fileRef = 4E48C07AC66C9A5601EE5003 /* BoardState.cpp */; };
		DE60B65371427753F78EFC38 /* BaseDataFileDeserializer.h in Sources */ = {isa = PBXBuildFile; fileRef = CA46016D2047CEE613C0ED43 /* BaseDataFileDeserializer.h */; };
		E02F168FEC19F5B6ECBD096F /* BoardState.cpp in Sources */ = {isa = PBXBuildFile; fileRef = 4E48C07AC66C9A5601EE5003 /* BoardState.cpp */; };
		E5D592440AA9DF7D9C7BBDE5 /* IOSUtils.mm in Sources */ = {isa = PBXBuildFile; fileRef = EEA5D60503CEF24015859459 /* IOSUtils.mm */; };
		E62596325185C6377F2964D5 /* EditorImGuiCommands.inc in Sources */ = {isa = PBXBuildFile; fileRef = 2FFF150A710419BB275FAF6D /* EditorImGuiCommands.inc */; };
		E822BAEB6AFB1F91FA785FA4 /* ParticleManager.h in Sources */ = {isa = PBXBuildFile; fileRef = 07E6A4152BAC640B7D892FEF /* ParticleManager.h */; };
		ECB22A67621D8BA51C99C575 /* ZekeFlipClientReachability.h in Sources */ = {isa = PBXBuildFile; fileRef = F216D40C60E4A5AFF4AE2C1E /* ZekeFlipClientReachability.h */; };
		F387EFF89C4B3BB095B1E15E /* PlatformMacros.h in Sources */ = {isa = PBXBuildFile; fileRef = 7AACE80E9655088BE13935FF /* PlatformMacros.h */; };
		F5518A662447F238CCCAFE51 /* Animations.cpp in Sources */ = {isa = PBXBuildFile; fileRef = C6B01E95D9ABF46EECA93F96 /* Animations.cpp */; };
		FBD1FF1BF1985E3606DD20ED /* GameConstants.h in Sources */ = {isa = PBXBuildFile; fileRef = B3A902E2D8B1AD656D561A89 /* GameConstants.h */; };
		FF52D6C8F2065CA0B8338637 /* EditorImGuiCommands.inc in Sources */ = {isa = PBXBuildFile; fileRef = 2FFF150A710419BB275FAF6D /* EditorImGuiCommands.inc */; };
/* End PBXBuildFile section */

/* Begin PBXContainerItemProxy section */
		92C851742969A7CB0021923F /* PBXContainerItemProxy */ = {
			isa = PBXContainerItemProxy;
			containerPortal = 92C8514E2969A7CA0021923F /* Project object */;
			proxyType = 1;
			remoteGlobalIDString = 92C851552969A7CA0021923F;
			remoteInfo = StarBird;
		};
		92C8517E2969A7CB0021923F /* PBXContainerItemProxy */ = {
			isa = PBXContainerItemProxy;
			containerPortal = 92C8514E2969A7CA0021923F /* Project object */;
			proxyType = 1;
			remoteGlobalIDString = 92C851552969A7CA0021923F;
			remoteInfo = StarBird;
		};
/* End PBXContainerItemProxy section */

/* Begin PBXCopyFilesBuildPhase section */
		92C851B82969A9680021923F /* Embed Frameworks */ = {
			isa = PBXCopyFilesBuildPhase;
			buildActionMask = 2147483647;
			dstPath = "";
			dstSubfolderSpec = 10;
			files = (
				925592C72BA09F3E001D7B97 /* SDL2_image.framework in Embed Frameworks */,
				92678D632BC6CA6A0077C215 /* SDL2.framework in Embed Frameworks */,
			);
			name = "Embed Frameworks";
			runOnlyForDeploymentPostprocessing = 0;
		};
/* End PBXCopyFilesBuildPhase section */

/* Begin PBXFileReference section */
		0495EBE27B4909681DD3349B /* Logging.cpp */ = {isa = PBXFileReference; includeInIndex = 1; lastKnownFileType = sourcecode.cpp.cpp; path = Logging.cpp; sourceTree = "<group>"; };
		07E6A4152BAC640B7D892FEF /* ParticleManager.h */ = {isa = PBXFileReference; includeInIndex = 1; lastKnownFileType = sourcecode.c.h; path = ParticleManager.h; sourceTree = "<group>"; };
		289376069695D28346FCC23A /* BaseDataFileSerializer.cpp */ = {isa = PBXFileReference; includeInIndex = 1; lastKnownFileType = sourcecode.cpp.cpp; path = BaseDataFileSerializer.cpp; sourceTree = "<group>"; };
		2D9F44C3DC0B2CD50A891B5D /* SceneManager.h */ = {isa = PBXFileReference; includeInIndex = 1; lastKnownFileType = sourcecode.c.h; path = SceneManager.h; sourceTree = "<group>"; };
		2FFF150A710419BB275FAF6D /* EditorImGuiCommands.inc */ = {isa = PBXFileReference; includeInIndex = 1; lastKnownFileType = sourcecode.pascal; path = EditorImGuiCommands.inc; sourceTree = "<group>"; };
		36BA43D12A116F9CEDEEC5BB /* AnimationManager.h */ = {isa = PBXFileReference; includeInIndex = 1; lastKnownFileType = sourcecode.c.h; path = AnimationManager.h; sourceTree = "<group>"; };
		388256D6EE42CBA74550DE48 /* Editor.cpp */ = {isa = PBXFileReference; includeInIndex = 1; lastKnownFileType = sourcecode.cpp.cpp; path = Editor.cpp; sourceTree = "<group>"; };
		3F2663D4D8A6185959494E12 /* BaseDataFileSerializer.h */ = {isa = PBXFileReference; includeInIndex = 1; lastKnownFileType = sourcecode.c.h; path = BaseDataFileSerializer.h; sourceTree = "<group>"; };
		4291B0197C1CCAA06C6C6D63 /* AnimatedButton.cpp */ = {isa = PBXFileReference; includeInIndex = 1; lastKnownFileType = sourcecode.cpp.cpp; path = AnimatedButton.cpp; sourceTree = "<group>"; };
		4398AC9752C488A02F59D8D2 /* BoardState.h */ = {isa = PBXFileReference; includeInIndex = 1; lastKnownFileType = sourcecode.c.h; name = BoardState.h; path = BoardState.h; sourceTree = "<group>"; };
		484A6A1B1B0D7ADC1BEEF99A /* RenderingUtils.cpp */ = {isa = PBXFileReference; includeInIndex = 1; lastKnownFileType = sourcecode.cpp.cpp; path = RenderingUtils.cpp; sourceTree = "<group>"; };
		4D44F8A7427AB83EA69F0455 /* SceneObjectUtils.h */ = {isa = PBXFileReference; includeInIndex = 1; lastKnownFileType = sourcecode.c.h; path = SceneObjectUtils.h; sourceTree = "<group>"; };
		4E45BF6E91E8A78C5D531D26 /* SoundManager.h */ = {isa = PBXFileReference; includeInIndex = 1; lastKnownFileType = sourcecode.c.h; path = SoundManager.h; sourceTree = "<group>"; };
		4E48C07AC66C9A5601EE5003 /* BoardState.cpp */ = {isa = PBXFileReference; includeInIndex = 1; lastKnownFileType = sourcecode.cpp.cpp; name = BoardState.cpp; path = BoardState.cpp; sourceTree = "<group>"; };
		549C84D3FE6BA93E39F0B406 /* EventSystem.cpp */ = {isa = PBXFileReference; includeInIndex = 1; lastKnownFileType = sourcecode.cpp.cpp; path = EventSystem.cpp; sourceTree = "<group>"; };
		59DF82D26A3BD281A3C982D8 /* ImageSurfaceLoader.cpp */ = {isa = PBXFileReference; includeInIndex = 1; lastKnownFileType = sourcecode.cpp.cpp; path = ImageSurfaceLoader.cpp; sourceTree = "<group>"; };
		5FBD47A19ABACCF82767197C /* CommonUniforms.h */ = {isa = PBXFileReference; includeInIndex = 1; lastKnownFileType = sourcecode.c.h; path = CommonUniforms.h; sourceTree = "<group>"; };
		6166C0765AEB3CD277F0F344 /* AnimatedButton.h */ = {isa = PBXFileReference; includeInIndex = 1; lastKnownFileType = sourcecode.c.h; path = AnimatedButton.h; sourceTree = "<group>"; };
		64A0A7BE4A8B84A02E685B42 /* Animations.h */ = {isa = PBXFileReference; includeInIndex = 1; lastKnownFileType = sourcecode.c.h; path = Animations.h; sourceTree = "<group>"; };
		7002E4E05285B676C7910C17 /* SoundManager.cpp */ = {isa = PBXFileReference; includeInIndex = 1; lastKnownFileType = sourcecode.cpp.cpp; path = SoundManager.cpp; sourceTree = "<group>"; };
		70EAA9FFECCEE753A4D14AFF /* IOSUtils.h */ = {isa = PBXFileReference; includeInIndex = 1; lastKnownFileType = sourcecode.c.h; path = IOSUtils.h; sourceTree = "<group>"; };
		737A7BF42484F5DE03FA7A46 /* SceneObjectUtils.cpp */ = {isa = PBXFileReference; includeInIndex = 1; lastKnownFileType = sourcecode.cpp.cpp; path = SceneObjectUtils.cpp; sourceTree = "<group>"; };
		7AACE80E9655088BE13935FF /* PlatformMacros.h */ = {isa = PBXFileReference; includeInIndex = 1; lastKnownFileType = sourcecode.c.h; path = PlatformMacros.h; sourceTree = "<group>"; };
		809A245389B128D782E60C07 /* ImageSurfaceLoader.h */ = {isa = PBXFileReference; includeInIndex = 1; lastKnownFileType = sourcecode.c.h; path = ImageSurfaceLoader.h; sourceTree = "<group>"; };
		88F1CBB8FE5D806DABB02E53 /* Editor.h */ = {isa = PBXFileReference; includeInIndex = 1; lastKnownFileType = sourcecode.c.h; path = Editor.h; sourceTree = "<group>"; };
		9185C9CB0C297CF483484A21 /* RenderingUtils.h */ = {isa = PBXFileReference; includeInIndex = 1; lastKnownFileType = sourcecode.c.h; path = RenderingUtils.h; sourceTree = "<group>"; };
		92043B022A0947A4007CC7DE /* AVFAudio.framework */ = {isa = PBXFileReference; lastKnownFileType = wrapper.framework; name = AVFAudio.framework; path = System/Library/Frameworks/AVFAudio.framework; sourceTree = SDKROOT; };
		9206EB002ACDC3FE00198337 /* Game.h */ = {isa = PBXFileReference; fileEncoding = 4; lastKnownFileType = sourcecode.c.h; path = Game.h; sourceTree = "<group>"; };
		9206EB012ACDC3FE00198337 /* Game.cpp */ = {isa = PBXFileReference; fileEncoding = 4; lastKnownFileType = sourcecode.cpp.cpp; path = Game.cpp; sourceTree = "<group>"; };
		9206EB032ACDC3FE00198337 /* CoreSystemsEngine.h */ = {isa = PBXFileReference; fileEncoding = 4; lastKnownFileType = sourcecode.c.h; path = CoreSystemsEngine.h; sourceTree = "<group>"; };
		9206EB052ACDC3FE00198337 /* IInputStateManager.h */ = {isa = PBXFileReference; fileEncoding = 4; lastKnownFileType = sourcecode.c.h; path = IInputStateManager.h; sourceTree = "<group>"; };
		9206EB072ACDC3FE00198337 /* TextureResource.cpp */ = {isa = PBXFileReference; fileEncoding = 4; lastKnownFileType = sourcecode.cpp.cpp; path = TextureResource.cpp; sourceTree = "<group>"; };
		9206EB082ACDC3FE00198337 /* ResourceLoadingService.h */ = {isa = PBXFileReference; fileEncoding = 4; lastKnownFileType = sourcecode.c.h; path = ResourceLoadingService.h; sourceTree = "<group>"; };
		9206EB092ACDC3FE00198337 /* TextureLoader.cpp */ = {isa = PBXFileReference; fileEncoding = 4; lastKnownFileType = sourcecode.cpp.cpp; path = TextureLoader.cpp; sourceTree = "<group>"; };
		9206EB0A2ACDC3FE00198337 /* TextureLoader.h */ = {isa = PBXFileReference; fileEncoding = 4; lastKnownFileType = sourcecode.c.h; path = TextureLoader.h; sourceTree = "<group>"; };
		9206EB0B2ACDC3FE00198337 /* ShaderLoader.h */ = {isa = PBXFileReference; fileEncoding = 4; lastKnownFileType = sourcecode.c.h; path = ShaderLoader.h; sourceTree = "<group>"; };
		9206EB0C2ACDC3FE00198337 /* MeshResource.h */ = {isa = PBXFileReference; fileEncoding = 4; lastKnownFileType = sourcecode.c.h; path = MeshResource.h; sourceTree = "<group>"; };
		9206EB0D2ACDC3FE00198337 /* TextureResource.h */ = {isa = PBXFileReference; fileEncoding = 4; lastKnownFileType = sourcecode.c.h; path = TextureResource.h; sourceTree = "<group>"; };
		9206EB0E2ACDC3FE00198337 /* OBJMeshLoader.cpp */ = {isa = PBXFileReference; fileEncoding = 4; lastKnownFileType = sourcecode.cpp.cpp; path = OBJMeshLoader.cpp; sourceTree = "<group>"; };
		9206EB0F2ACDC3FE00198337 /* ShaderResource.h */ = {isa = PBXFileReference; fileEncoding = 4; lastKnownFileType = sourcecode.c.h; path = ShaderResource.h; sourceTree = "<group>"; };
		9206EB102ACDC3FE00198337 /* OBJMeshLoader.h */ = {isa = PBXFileReference; fileEncoding = 4; lastKnownFileType = sourcecode.c.h; path = OBJMeshLoader.h; sourceTree = "<group>"; };
		9206EB112ACDC3FE00198337 /* ResourceLoadingService.cpp */ = {isa = PBXFileReference; fileEncoding = 4; lastKnownFileType = sourcecode.cpp.cpp; path = ResourceLoadingService.cpp; sourceTree = "<group>"; };
		9206EB122ACDC3FE00198337 /* DataFileResource.h */ = {isa = PBXFileReference; fileEncoding = 4; lastKnownFileType = sourcecode.c.h; path = DataFileResource.h; sourceTree = "<group>"; };
		9206EB132ACDC3FE00198337 /* IResourceLoader.h */ = {isa = PBXFileReference; fileEncoding = 4; lastKnownFileType = sourcecode.c.h; path = IResourceLoader.h; sourceTree = "<group>"; };
		9206EB142ACDC3FE00198337 /* MeshResource.cpp */ = {isa = PBXFileReference; fileEncoding = 4; lastKnownFileType = sourcecode.cpp.cpp; path = MeshResource.cpp; sourceTree = "<group>"; };
		9206EB152ACDC3FE00198337 /* IResource.h */ = {isa = PBXFileReference; fileEncoding = 4; lastKnownFileType = sourcecode.c.h; path = IResource.h; sourceTree = "<group>"; };
		9206EB162ACDC3FE00198337 /* ShaderResource.cpp */ = {isa = PBXFileReference; fileEncoding = 4; lastKnownFileType = sourcecode.cpp.cpp; path = ShaderResource.cpp; sourceTree = "<group>"; };
		9206EB172ACDC3FE00198337 /* DataFileLoader.h */ = {isa = PBXFileReference; fileEncoding = 4; lastKnownFileType = sourcecode.c.h; path = DataFileLoader.h; sourceTree = "<group>"; };
		9206EB182ACDC3FE00198337 /* DataFileResource.cpp */ = {isa = PBXFileReference; fileEncoding = 4; lastKnownFileType = sourcecode.cpp.cpp; path = DataFileResource.cpp; sourceTree = "<group>"; };
		9206EB192ACDC3FE00198337 /* ShaderLoader.cpp */ = {isa = PBXFileReference; fileEncoding = 4; lastKnownFileType = sourcecode.cpp.cpp; path = ShaderLoader.cpp; sourceTree = "<group>"; };
		9206EB1A2ACDC3FE00198337 /* DataFileLoader.cpp */ = {isa = PBXFileReference; fileEncoding = 4; lastKnownFileType = sourcecode.cpp.cpp; path = DataFileLoader.cpp; sourceTree = "<group>"; };
		9206EB1C2ACDC3FE00198337 /* FileUtils.h */ = {isa = PBXFileReference; fileEncoding = 4; lastKnownFileType = sourcecode.c.h; path = FileUtils.h; sourceTree = "<group>"; };
		9206EB1D2ACDC3FE00198337 /* TypeTraits.h */ = {isa = PBXFileReference; fileEncoding = 4; lastKnownFileType = sourcecode.c.h; path = TypeTraits.h; sourceTree = "<group>"; };
		9206EB1E2ACDC3FE00198337 /* StringUtils.h */ = {isa = PBXFileReference; fileEncoding = 4; lastKnownFileType = sourcecode.c.h; path = StringUtils.h; sourceTree = "<group>"; };
		9206EB1F2ACDC3FE00198337 /* Logging.h */ = {isa = PBXFileReference; fileEncoding = 4; lastKnownFileType = sourcecode.c.h; path = Logging.h; sourceTree = "<group>"; };
		9206EB202ACDC3FE00198337 /* OSMessageBox.h */ = {isa = PBXFileReference; fileEncoding = 4; lastKnownFileType = sourcecode.c.h; path = OSMessageBox.h; sourceTree = "<group>"; };
		9206EB212ACDC3FE00198337 /* MathUtils.cpp */ = {isa = PBXFileReference; fileEncoding = 4; lastKnownFileType = sourcecode.cpp.cpp; path = MathUtils.cpp; sourceTree = "<group>"; };
		9206EB222ACDC3FE00198337 /* MathUtils.h */ = {isa = PBXFileReference; fileEncoding = 4; lastKnownFileType = sourcecode.c.h; path = MathUtils.h; sourceTree = "<group>"; };
		9206EB242ACDC3FE00198337 /* OpenGL.h */ = {isa = PBXFileReference; fileEncoding = 4; lastKnownFileType = sourcecode.c.h; path = OpenGL.h; sourceTree = "<group>"; };
		9206EB252ACDC3FE00198337 /* Fonts.h */ = {isa = PBXFileReference; fileEncoding = 4; lastKnownFileType = sourcecode.c.h; path = Fonts.h; sourceTree = "<group>"; };
		9206EB262ACDC3FE00198337 /* Camera.cpp */ = {isa = PBXFileReference; fileEncoding = 4; lastKnownFileType = sourcecode.cpp.cpp; path = Camera.cpp; sourceTree = "<group>"; };
		9206EB272ACDC3FE00198337 /* Fonts.cpp */ = {isa = PBXFileReference; fileEncoding = 4; lastKnownFileType = sourcecode.cpp.cpp; path = Fonts.cpp; sourceTree = "<group>"; };
		9206EB282ACDC3FE00198337 /* Camera.h */ = {isa = PBXFileReference; fileEncoding = 4; lastKnownFileType = sourcecode.c.h; path = Camera.h; sourceTree = "<group>"; };
		9206EB292ACDC3FE00198337 /* IRenderer.h */ = {isa = PBXFileReference; fileEncoding = 4; lastKnownFileType = sourcecode.c.h; path = IRenderer.h; sourceTree = "<group>"; };
		9206EB2B2ACDC3FE00198337 /* glew.c */ = {isa = PBXFileReference; fileEncoding = 4; lastKnownFileType = sourcecode.c.c; path = glew.c; sourceTree = "<group>"; };
		9206EB2C2ACDC3FE00198337 /* wglew.h */ = {isa = PBXFileReference; fileEncoding = 4; lastKnownFileType = sourcecode.c.h; path = wglew.h; sourceTree = "<group>"; };
		9206EB2D2ACDC3FE00198337 /* glew.h */ = {isa = PBXFileReference; fileEncoding = 4; lastKnownFileType = sourcecode.c.h; path = glew.h; sourceTree = "<group>"; };
		9206EB312ACDC3FE00198337 /* Scene.cpp */ = {isa = PBXFileReference; fileEncoding = 4; lastKnownFileType = sourcecode.cpp.cpp; path = Scene.cpp; sourceTree = "<group>"; };
		9206EB322ACDC3FE00198337 /* SceneObject.h */ = {isa = PBXFileReference; fileEncoding = 4; lastKnownFileType = sourcecode.c.h; path = SceneObject.h; sourceTree = "<group>"; };
		9206EB332ACDC3FE00198337 /* Scene.h */ = {isa = PBXFileReference; fileEncoding = 4; lastKnownFileType = sourcecode.c.h; path = Scene.h; sourceTree = "<group>"; };
		9206EBF72ACDC99D00198337 /* CoreSystemsEnginePlatformImpl.cpp */ = {isa = PBXFileReference; fileEncoding = 4; lastKnownFileType = sourcecode.cpp.cpp; path = CoreSystemsEnginePlatformImpl.cpp; sourceTree = "<group>"; };
		9206EBF82ACDC99D00198337 /* RendererPlatformImpl.h */ = {isa = PBXFileReference; fileEncoding = 4; lastKnownFileType = sourcecode.c.h; path = RendererPlatformImpl.h; sourceTree = "<group>"; };
		9206EBF92ACDC99D00198337 /* RendererPlatformImpl.cpp */ = {isa = PBXFileReference; fileEncoding = 4; lastKnownFileType = sourcecode.cpp.cpp; path = RendererPlatformImpl.cpp; sourceTree = "<group>"; };
		9206EBFA2ACDC99D00198337 /* InputStateManagerPlatformImpl.cpp */ = {isa = PBXFileReference; fileEncoding = 4; lastKnownFileType = sourcecode.cpp.cpp; path = InputStateManagerPlatformImpl.cpp; sourceTree = "<group>"; };
		9206EBFB2ACDC99D00198337 /* SDL_uikit_main.c */ = {isa = PBXFileReference; fileEncoding = 4; lastKnownFileType = sourcecode.c.c; path = SDL_uikit_main.c; sourceTree = "<group>"; };
		9206EBFC2ACDC99D00198337 /* InputStateManagerPlatformImpl.h */ = {isa = PBXFileReference; fileEncoding = 4; lastKnownFileType = sourcecode.c.h; path = InputStateManagerPlatformImpl.h; sourceTree = "<group>"; };
		9206EC3C2ACDCD9100198337 /* assets */ = {isa = PBXFileReference; lastKnownFileType = folder; name = assets; path = ../../../assets; sourceTree = "<group>"; };
		920C540B2B8120CE006F6743 /* OpenAL.framework */ = {isa = PBXFileReference; lastKnownFileType = wrapper.framework; name = OpenAL.framework; path = System/Library/Frameworks/OpenAL.framework; sourceTree = SDKROOT; };
		9233DAB82B5E85EA00C55555 /* ZekeFlipClientIOS.entitlements */ = {isa = PBXFileReference; lastKnownFileType = text.plist.entitlements; path = ZekeFlipClientIOS.entitlements; sourceTree = "<group>"; };
		9233DACC2B5E866900C55555 /* CloudKit.framework */ = {isa = PBXFileReference; lastKnownFileType = wrapper.framework; name = CloudKit.framework; path = System/Library/Frameworks/CloudKit.framework; sourceTree = SDKROOT; };
		925592C42BA09F3E001D7B97 /* SDL2_image.framework */ = {isa = PBXFileReference; lastKnownFileType = wrapper.framework; name = SDL2_image.framework; path = "../../../SDL-ios-frameworks/SDL2_image.framework"; sourceTree = "<group>"; };
		925FD87F298AD7D50058E747 /* AudioToolbox.framework */ = {isa = PBXFileReference; lastKnownFileType = wrapper.framework; name = AudioToolbox.framework; path = System/Library/Frameworks/AudioToolbox.framework; sourceTree = SDKROOT; };
		9263BC422BA0E7D9009647C0 /* Info.plist */ = {isa = PBXFileReference; lastKnownFileType = text.plist; path = Info.plist; sourceTree = "<group>"; };
		92678D112BC693A60077C215 /* UserNotifications.framework */ = {isa = PBXFileReference; lastKnownFileType = wrapper.framework; name = UserNotifications.framework; path = System/Library/Frameworks/UserNotifications.framework; sourceTree = SDKROOT; };
		92678D612BC6CA6A0077C215 /* SDL2.framework */ = {isa = PBXFileReference; lastKnownFileType = wrapper.framework; name = SDL2.framework; path = "../../../SDL-ios-frameworks/SDL2.framework"; sourceTree = "<group>"; };
		9285241629A9095A007EA0D9 /* GameController.framework */ = {isa = PBXFileReference; lastKnownFileType = wrapper.framework; name = GameController.framework; path = System/Library/Frameworks/GameController.framework; sourceTree = SDKROOT; };
		92C536C42C245161008CD2BF /* AppleSoundUtils.h */ = {isa = PBXFileReference; fileEncoding = 4; lastKnownFileType = sourcecode.c.h; path = AppleSoundUtils.h; sourceTree = "<group>"; };
		92C536C52C245161008CD2BF /* AppleSoundUtils.mm */ = {isa = PBXFileReference; fileEncoding = 4; lastKnownFileType = sourcecode.cpp.objcpp; path = AppleSoundUtils.mm; sourceTree = "<group>"; };
		92C536C62C245161008CD2BF /* AppleUtils.h */ = {isa = PBXFileReference; fileEncoding = 4; lastKnownFileType = sourcecode.c.h; path = AppleUtils.h; sourceTree = "<group>"; };
		92C536C72C245161008CD2BF /* AppleUtils.mm */ = {isa = PBXFileReference; fileEncoding = 4; lastKnownFileType = sourcecode.cpp.objcpp; path = AppleUtils.mm; sourceTree = "<group>"; };
		92C536C82C245161008CD2BF /* BackgroundMusicPlayer.h */ = {isa = PBXFileReference; fileEncoding = 4; lastKnownFileType = sourcecode.c.h; path = BackgroundMusicPlayer.h; sourceTree = "<group>"; };
		92C536C92C245161008CD2BF /* BackgroundMusicPlayer.mm */ = {isa = PBXFileReference; fileEncoding = 4; lastKnownFileType = sourcecode.cpp.objcpp; path = BackgroundMusicPlayer.mm; sourceTree = "<group>"; };
		92C536CA2C245161008CD2BF /* SfxPlayer.h */ = {isa = PBXFileReference; fileEncoding = 4; lastKnownFileType = sourcecode.c.h; path = SfxPlayer.h; sourceTree = "<group>"; };
		92C536CB2C245161008CD2BF /* SfxPlayer.mm */ = {isa = PBXFileReference; fileEncoding = 4; lastKnownFileType = sourcecode.cpp.objcpp; path = SfxPlayer.mm; sourceTree = "<group>"; };
		92C7FC372B06794C008568C6 /* UIKit.framework */ = {isa = PBXFileReference; lastKnownFileType = wrapper.framework; name = UIKit.framework; path = System/Library/Frameworks/UIKit.framework; sourceTree = SDKROOT; };
		92C851562969A7CA0021923F /* ZekeFlip.app */ = {isa = PBXFileReference; explicitFileType = wrapper.application; includeInIndex = 0; path = ZekeFlip.app; sourceTree = BUILT_PRODUCTS_DIR; };
		92C851682969A7CB0021923F /* Assets.xcassets */ = {isa = PBXFileReference; lastKnownFileType = folder.assetcatalog; path = Assets.xcassets; sourceTree = "<group>"; };
		92C8516B2969A7CB0021923F /* Base */ = {isa = PBXFileReference; lastKnownFileType = file.storyboard; name = Base; path = Base.lproj/LaunchScreen.storyboard; sourceTree = "<group>"; };
		92C851732969A7CB0021923F /* ZekeFlipClientIOSTests.xctest */ = {isa = PBXFileReference; explicitFileType = wrapper.cfbundle; includeInIndex = 0; path = ZekeFlipClientIOSTests.xctest; sourceTree = BUILT_PRODUCTS_DIR; };
		92C8517D2969A7CB0021923F /* ZekeFlipClientIOSUITests.xctest */ = {isa = PBXFileReference; explicitFileType = wrapper.cfbundle; includeInIndex = 0; path = ZekeFlipClientIOSUITests.xctest; sourceTree = BUILT_PRODUCTS_DIR; };
		92C851B92969A9D70021923F /* main.cpp */ = {isa = PBXFileReference; lastKnownFileType = sourcecode.cpp.cpp; path = main.cpp; sourceTree = "<group>"; };
		92CA974C2B653BBF00B53B01 /* StoreKit.framework */ = {isa = PBXFileReference; lastKnownFileType = wrapper.framework; name = StoreKit.framework; path = System/Library/Frameworks/StoreKit.framework; sourceTree = SDKROOT; };
		92E96A5F29803597004A3120 /* OpenGLES.framework */ = {isa = PBXFileReference; lastKnownFileType = wrapper.framework; name = OpenGLES.framework; path = System/Library/Frameworks/OpenGLES.framework; sourceTree = SDKROOT; };
		989D5D93E995723F377B2323 /* ThreadSafeQueue.h */ = {isa = PBXFileReference; includeInIndex = 1; lastKnownFileType = sourcecode.c.h; path = ThreadSafeQueue.h; sourceTree = "<group>"; };
		A64986DFF49C6EE24DA621FD /* ZekeFlipClientReachability.m */ = {isa = PBXFileReference; includeInIndex = 1; lastKnownFileType = sourcecode.c.objc; path = ZekeFlipClientReachability.m; sourceTree = "<group>"; };
		AD91490AA01CC7CAB71ABD60 /* stb_image_write.h */ = {isa = PBXFileReference; includeInIndex = 1; lastKnownFileType = sourcecode.c.h; path = stb_image_write.h; sourceTree = "<group>"; };
		B0E40336BF3CCBB53A0B7053 /* SceneManager.cpp */ = {isa = PBXFileReference; includeInIndex = 1; lastKnownFileType = sourcecode.cpp.cpp; path = SceneManager.cpp; sourceTree = "<group>"; };
		B3A902E2D8B1AD656D561A89 /* GameConstants.h */ = {isa = PBXFileReference; includeInIndex = 1; lastKnownFileType = sourcecode.c.h; path = GameConstants.h; sourceTree = "<group>"; };
		B44A455E0B720A9A63FF5AA4 /* Events.h */ = {isa = PBXFileReference; includeInIndex = 1; lastKnownFileType = sourcecode.c.h; path = Events.h; sourceTree = "<group>"; };
		BFEE31CB1C81B110DF5D5525 /* ImageSurfaceResource.h */ = {isa = PBXFileReference; includeInIndex = 1; lastKnownFileType = sourcecode.c.h; path = ImageSurfaceResource.h; sourceTree = "<group>"; };
		C6B01E95D9ABF46EECA93F96 /* Animations.cpp */ = {isa = PBXFileReference; includeInIndex = 1; lastKnownFileType = sourcecode.cpp.cpp; path = Animations.cpp; sourceTree = "<group>"; };
		CA46016D2047CEE613C0ED43 /* BaseDataFileDeserializer.h */ = {isa = PBXFileReference; includeInIndex = 1; lastKnownFileType = sourcecode.c.h; path = BaseDataFileDeserializer.h; sourceTree = "<group>"; };
		E3503F93D9327A645A426E67 /* ImageSurfaceResource.cpp */ = {isa = PBXFileReference; includeInIndex = 1; lastKnownFileType = sourcecode.cpp.cpp; path = ImageSurfaceResource.cpp; sourceTree = "<group>"; };
		E3A1C56ACA5ABB18A5A59BA3 /* EventSystem.h */ = {isa = PBXFileReference; includeInIndex = 1; lastKnownFileType = sourcecode.c.h; path = EventSystem.h; sourceTree = "<group>"; };
		E47CA9E2033607E3B69920E7 /* EditorUtils.h */ = {isa = PBXFileReference; includeInIndex = 1; lastKnownFileType = sourcecode.c.h; path = EditorUtils.h; sourceTree = "<group>"; };
		E641ED7689F0E595A6995C4C /* Date.h */ = {isa = PBXFileReference; includeInIndex = 1; lastKnownFileType = sourcecode.c.h; path = Date.h; sourceTree = "<group>"; };
		E765BE8BAD6EAAC5948DFB99 /* ParticleManager.cpp */ = {isa = PBXFileReference; includeInIndex = 1; lastKnownFileType = sourcecode.cpp.cpp; path = ParticleManager.cpp; sourceTree = "<group>"; };
		EBF846548488DC5997004413 /* AnimationManager.cpp */ = {isa = PBXFileReference; includeInIndex = 1; lastKnownFileType = sourcecode.cpp.cpp; path = AnimationManager.cpp; sourceTree = "<group>"; };
		EEA5D60503CEF24015859459 /* IOSUtils.mm */ = {isa = PBXFileReference; includeInIndex = 1; lastKnownFileType = sourcecode.cpp.objcpp; path = IOSUtils.mm; sourceTree = "<group>"; };
		EEE04C21CA0FF05632F35BB0 /* TypeTraits.cpp */ = {isa = PBXFileReference; includeInIndex = 1; lastKnownFileType = sourcecode.cpp.cpp; path = TypeTraits.cpp; sourceTree = "<group>"; };
		F0FFCD7AE0C78521E3B1DFF2 /* BaseDataFileDeserializer.cpp */ = {isa = PBXFileReference; includeInIndex = 1; lastKnownFileType = sourcecode.cpp.cpp; path = BaseDataFileDeserializer.cpp; sourceTree = "<group>"; };
		F216D40C60E4A5AFF4AE2C1E /* ZekeFlipClientReachability.h */ = {isa = PBXFileReference; includeInIndex = 1; lastKnownFileType = sourcecode.c.h; path = ZekeFlipClientReachability.h; sourceTree = "<group>"; };
		FCD986CB07334B2433EB426D /* SerializationDefinitions.h */ = {isa = PBXFileReference; includeInIndex = 1; lastKnownFileType = sourcecode.c.h; path = SerializationDefinitions.h; sourceTree = "<group>"; };
/* End PBXFileReference section */

/* Begin PBXFrameworksBuildPhase section */
		92C851532969A7CA0021923F /* Frameworks */ = {
			isa = PBXFrameworksBuildPhase;
			buildActionMask = 2147483647;
			files = (
				92678D622BC6CA6A0077C215 /* SDL2.framework in Frameworks */,
				92678D5E2BC6975F0077C215 /* SDL2_image.framework in Frameworks */,
				925FD880298AD7D50058E747 /* AudioToolbox.framework in Frameworks */,
				92C7FC462B06794C008568C6 /* UIKit.framework in Frameworks */,
				92CA975B2B653BC000B53B01 /* StoreKit.framework in Frameworks */,
				92043B0E2A0947A4007CC7DE /* AVFAudio.framework in Frameworks */,
				920C541A2B8120CE006F6743 /* OpenAL.framework in Frameworks */,
				92E96A6B29803597004A3120 /* OpenGLES.framework in Frameworks */,
			);
			runOnlyForDeploymentPostprocessing = 0;
		};
		92C851702969A7CB0021923F /* Frameworks */ = {
			isa = PBXFrameworksBuildPhase;
			buildActionMask = 2147483647;
			files = (
			);
			runOnlyForDeploymentPostprocessing = 0;
		};
		92C8517A2969A7CB0021923F /* Frameworks */ = {
			isa = PBXFrameworksBuildPhase;
			buildActionMask = 2147483647;
			files = (
			);
			runOnlyForDeploymentPostprocessing = 0;
		};
/* End PBXFrameworksBuildPhase section */

/* Begin PBXGroup section */
		1003E54D8C8913D2A061990C /* ui */ = {
			isa = PBXGroup;
			children = (
				4291B0197C1CCAA06C6C6D63 /* AnimatedButton.cpp */,
				6166C0765AEB3CD277F0F344 /* AnimatedButton.h */,
			);
			path = ui;
			sourceTree = "<group>";
		};
		732B052F1137002F798156E8 /* editor */ = {
			isa = PBXGroup;
			children = (
				388256D6EE42CBA74550DE48 /* Editor.cpp */,
				88F1CBB8FE5D806DABB02E53 /* Editor.h */,
				2FFF150A710419BB275FAF6D /* EditorImGuiCommands.inc */,
				E47CA9E2033607E3B69920E7 /* EditorUtils.h */,
			);
			path = editor;
			sourceTree = "<group>";
		};
		9206EA1F2ACDC3FE00198337 /* source_ios */ = {
			isa = PBXGroup;
			children = (
				9206EBF62ACDC99D00198337 /* platform_specific */,
			);
			name = source_ios;
			path = ../../../source_ios;
			sourceTree = "<group>";
		};
		9206EA262ACDC3FE00198337 /* source_common */ = {
			isa = PBXGroup;
			children = (
				9206EAEE2ACDC3FE00198337 /* game */,
				9206EB022ACDC3FE00198337 /* engine */,
				732B052F1137002F798156E8 /* editor */,
			);
			name = source_common;
			path = ../../../source_common;
			sourceTree = "<group>";
		};
		9206EAEE2ACDC3FE00198337 /* game */ = {
			isa = PBXGroup;
			children = (
				9206EB002ACDC3FE00198337 /* Game.h */,
				9206EB012ACDC3FE00198337 /* Game.cpp */,
				B3A902E2D8B1AD656D561A89 /* GameConstants.h */,
				E9B34BDC795E6602450C2817 /* events */,
				1003E54D8C8913D2A061990C /* ui */,
				4E48C07AC66C9A5601EE5003 /* BoardState.cpp */,
				4398AC9752C488A02F59D8D2 /* BoardState.h */,
			);
			path = game;
			sourceTree = "<group>";
		};
		9206EB022ACDC3FE00198337 /* engine */ = {
			isa = PBXGroup;
			children = (
				9206EB032ACDC3FE00198337 /* CoreSystemsEngine.h */,
				9206EB042ACDC3FE00198337 /* input */,
				9206EB062ACDC3FE00198337 /* resloading */,
				9206EB1B2ACDC3FE00198337 /* utils */,
				9206EB232ACDC3FE00198337 /* rendering */,
				9206EB2E2ACDC3FE00198337 /* scene */,
				D2F1FF4CFB8147ADE0EE5774 /* sound */,
			);
			path = engine;
			sourceTree = "<group>";
		};
		9206EB042ACDC3FE00198337 /* input */ = {
			isa = PBXGroup;
			children = (
				9206EB052ACDC3FE00198337 /* IInputStateManager.h */,
			);
			path = input;
			sourceTree = "<group>";
		};
		9206EB062ACDC3FE00198337 /* resloading */ = {
			isa = PBXGroup;
			children = (
				9206EB072ACDC3FE00198337 /* TextureResource.cpp */,
				9206EB082ACDC3FE00198337 /* ResourceLoadingService.h */,
				9206EB092ACDC3FE00198337 /* TextureLoader.cpp */,
				9206EB0A2ACDC3FE00198337 /* TextureLoader.h */,
				9206EB0B2ACDC3FE00198337 /* ShaderLoader.h */,
				9206EB0C2ACDC3FE00198337 /* MeshResource.h */,
				9206EB0D2ACDC3FE00198337 /* TextureResource.h */,
				9206EB0E2ACDC3FE00198337 /* OBJMeshLoader.cpp */,
				9206EB0F2ACDC3FE00198337 /* ShaderResource.h */,
				9206EB102ACDC3FE00198337 /* OBJMeshLoader.h */,
				9206EB112ACDC3FE00198337 /* ResourceLoadingService.cpp */,
				9206EB122ACDC3FE00198337 /* DataFileResource.h */,
				9206EB132ACDC3FE00198337 /* IResourceLoader.h */,
				9206EB142ACDC3FE00198337 /* MeshResource.cpp */,
				9206EB152ACDC3FE00198337 /* IResource.h */,
				9206EB162ACDC3FE00198337 /* ShaderResource.cpp */,
				9206EB172ACDC3FE00198337 /* DataFileLoader.h */,
				9206EB182ACDC3FE00198337 /* DataFileResource.cpp */,
				9206EB192ACDC3FE00198337 /* ShaderLoader.cpp */,
				9206EB1A2ACDC3FE00198337 /* DataFileLoader.cpp */,
				E3503F93D9327A645A426E67 /* ImageSurfaceResource.cpp */,
				59DF82D26A3BD281A3C982D8 /* ImageSurfaceLoader.cpp */,
				809A245389B128D782E60C07 /* ImageSurfaceLoader.h */,
				BFEE31CB1C81B110DF5D5525 /* ImageSurfaceResource.h */,
			);
			path = resloading;
			sourceTree = "<group>";
		};
		9206EB1B2ACDC3FE00198337 /* utils */ = {
			isa = PBXGroup;
			children = (
				9206EB1C2ACDC3FE00198337 /* FileUtils.h */,
				9206EB1D2ACDC3FE00198337 /* TypeTraits.h */,
				9206EB1E2ACDC3FE00198337 /* StringUtils.h */,
				9206EB1F2ACDC3FE00198337 /* Logging.h */,
				9206EB202ACDC3FE00198337 /* OSMessageBox.h */,
				9206EB212ACDC3FE00198337 /* MathUtils.cpp */,
				9206EB222ACDC3FE00198337 /* MathUtils.h */,
				7AACE80E9655088BE13935FF /* PlatformMacros.h */,
				989D5D93E995723F377B2323 /* ThreadSafeQueue.h */,
				EEE04C21CA0FF05632F35BB0 /* TypeTraits.cpp */,
				F0FFCD7AE0C78521E3B1DFF2 /* BaseDataFileDeserializer.cpp */,
				289376069695D28346FCC23A /* BaseDataFileSerializer.cpp */,
				CA46016D2047CEE613C0ED43 /* BaseDataFileDeserializer.h */,
				3F2663D4D8A6185959494E12 /* BaseDataFileSerializer.h */,
				FCD986CB07334B2433EB426D /* SerializationDefinitions.h */,
				E641ED7689F0E595A6995C4C /* Date.h */,
				0495EBE27B4909681DD3349B /* Logging.cpp */,
			);
			path = utils;
			sourceTree = "<group>";
		};
		9206EB232ACDC3FE00198337 /* rendering */ = {
			isa = PBXGroup;
			children = (
				9206EB242ACDC3FE00198337 /* OpenGL.h */,
				9206EB252ACDC3FE00198337 /* Fonts.h */,
				9206EB262ACDC3FE00198337 /* Camera.cpp */,
				9206EB272ACDC3FE00198337 /* Fonts.cpp */,
				9206EB282ACDC3FE00198337 /* Camera.h */,
				9206EB292ACDC3FE00198337 /* IRenderer.h */,
				9206EB2A2ACDC3FE00198337 /* glew */,
				EBF846548488DC5997004413 /* AnimationManager.cpp */,
				C6B01E95D9ABF46EECA93F96 /* Animations.cpp */,
				36BA43D12A116F9CEDEEC5BB /* AnimationManager.h */,
				64A0A7BE4A8B84A02E685B42 /* Animations.h */,
				484A6A1B1B0D7ADC1BEEF99A /* RenderingUtils.cpp */,
				9185C9CB0C297CF483484A21 /* RenderingUtils.h */,
				E765BE8BAD6EAAC5948DFB99 /* ParticleManager.cpp */,
				07E6A4152BAC640B7D892FEF /* ParticleManager.h */,
				AD91490AA01CC7CAB71ABD60 /* stb_image_write.h */,
				5FBD47A19ABACCF82767197C /* CommonUniforms.h */,
			);
			path = rendering;
			sourceTree = "<group>";
		};
		9206EB2A2ACDC3FE00198337 /* glew */ = {
			isa = PBXGroup;
			children = (
				9206EB2B2ACDC3FE00198337 /* glew.c */,
				9206EB2C2ACDC3FE00198337 /* wglew.h */,
				9206EB2D2ACDC3FE00198337 /* glew.h */,
			);
			path = glew;
			sourceTree = "<group>";
		};
		9206EB2E2ACDC3FE00198337 /* scene */ = {
			isa = PBXGroup;
			children = (
				9206EB312ACDC3FE00198337 /* Scene.cpp */,
				9206EB322ACDC3FE00198337 /* SceneObject.h */,
				9206EB332ACDC3FE00198337 /* Scene.h */,
				737A7BF42484F5DE03FA7A46 /* SceneObjectUtils.cpp */,
				4D44F8A7427AB83EA69F0455 /* SceneObjectUtils.h */,
				B0E40336BF3CCBB53A0B7053 /* SceneManager.cpp */,
				2D9F44C3DC0B2CD50A891B5D /* SceneManager.h */,
			);
			path = scene;
			sourceTree = "<group>";
		};
		9206EBF62ACDC99D00198337 /* platform_specific */ = {
			isa = PBXGroup;
			children = (
				9206EBF72ACDC99D00198337 /* CoreSystemsEnginePlatformImpl.cpp */,
				9206EBF82ACDC99D00198337 /* RendererPlatformImpl.h */,
				9206EBF92ACDC99D00198337 /* RendererPlatformImpl.cpp */,
				9206EBFA2ACDC99D00198337 /* InputStateManagerPlatformImpl.cpp */,
				9206EBFB2ACDC99D00198337 /* SDL_uikit_main.c */,
				9206EBFC2ACDC99D00198337 /* InputStateManagerPlatformImpl.h */,
				70EAA9FFECCEE753A4D14AFF /* IOSUtils.h */,
				EEA5D60503CEF24015859459 /* IOSUtils.mm */,
			);
			path = platform_specific;
			sourceTree = "<group>";
		};
		92C536CE2C245161008CD2BF /* platform_utilities */ = {
			isa = PBXGroup;
			children = (
				92C536C42C245161008CD2BF /* AppleSoundUtils.h */,
				92C536C52C245161008CD2BF /* AppleSoundUtils.mm */,
				92C536C62C245161008CD2BF /* AppleUtils.h */,
				92C536C72C245161008CD2BF /* AppleUtils.mm */,
				92C536C82C245161008CD2BF /* BackgroundMusicPlayer.h */,
				92C536C92C245161008CD2BF /* BackgroundMusicPlayer.mm */,
				92C536CA2C245161008CD2BF /* SfxPlayer.h */,
				92C536CB2C245161008CD2BF /* SfxPlayer.mm */,
				F216D40C60E4A5AFF4AE2C1E /* ZekeFlipClientReachability.h */,
				A64986DFF49C6EE24DA621FD /* ZekeFlipClientReachability.m */,
			);
			path = platform_utilities;
			sourceTree = "<group>";
		};
		92C536D02C245161008CD2BF /* source_apple_utilities */ = {
			isa = PBXGroup;
			children = (
				92C536CE2C245161008CD2BF /* platform_utilities */,
			);
			name = source_apple_utilities;
			path = ../../../source_apple_utilities;
			sourceTree = "<group>";
		};
		92C8514D2969A7CA0021923F = {
			isa = PBXGroup;
			children = (
				92C851582969A7CA0021923F /* ZekeFlipClientIOS */,
				92C851572969A7CA0021923F /* Products */,
				92C851B42969A95A0021923F /* Frameworks */,
			);
			sourceTree = "<group>";
		};
		92C851572969A7CA0021923F /* Products */ = {
			isa = PBXGroup;
			children = (
				92C851562969A7CA0021923F /* ZekeFlip.app */,
				92C851732969A7CB0021923F /* ZekeFlipClientIOSTests.xctest */,
				92C8517D2969A7CB0021923F /* ZekeFlipClientIOSUITests.xctest */,
			);
			name = Products;
			sourceTree = "<group>";
		};
		92C851582969A7CA0021923F /* ZekeFlipClientIOS */ = {
			isa = PBXGroup;
			children = (
				9263BC422BA0E7D9009647C0 /* Info.plist */,
				9233DAB82B5E85EA00C55555 /* ZekeFlipClientIOS.entitlements */,
				9206EC3C2ACDCD9100198337 /* assets */,
				9206EA262ACDC3FE00198337 /* source_common */,
				9206EA1F2ACDC3FE00198337 /* source_ios */,
				92C536D02C245161008CD2BF /* source_apple_utilities */,
				92C851682969A7CB0021923F /* Assets.xcassets */,
				92C8516A2969A7CB0021923F /* LaunchScreen.storyboard */,
				92C851B92969A9D70021923F /* main.cpp */,
			);
			path = ZekeFlipClientIOS;
			sourceTree = "<group>";
		};
		92C851B42969A95A0021923F /* Frameworks */ = {
			isa = PBXGroup;
			children = (
				92678D612BC6CA6A0077C215 /* SDL2.framework */,
				92678D112BC693A60077C215 /* UserNotifications.framework */,
				925592C42BA09F3E001D7B97 /* SDL2_image.framework */,
				920C540B2B8120CE006F6743 /* OpenAL.framework */,
				92CA974C2B653BBF00B53B01 /* StoreKit.framework */,
				9233DACC2B5E866900C55555 /* CloudKit.framework */,
				92C7FC372B06794C008568C6 /* UIKit.framework */,
				92043B022A0947A4007CC7DE /* AVFAudio.framework */,
				9285241629A9095A007EA0D9 /* GameController.framework */,
				925FD87F298AD7D50058E747 /* AudioToolbox.framework */,
				92E96A5F29803597004A3120 /* OpenGLES.framework */,
			);
			name = Frameworks;
			sourceTree = "<group>";
		};
		D2F1FF4CFB8147ADE0EE5774 /* sound */ = {
			isa = PBXGroup;
			children = (
				7002E4E05285B676C7910C17 /* SoundManager.cpp */,
				4E45BF6E91E8A78C5D531D26 /* SoundManager.h */,
			);
			path = sound;
			sourceTree = "<group>";
		};
		E9B34BDC795E6602450C2817 /* events */ = {
			isa = PBXGroup;
			children = (
				549C84D3FE6BA93E39F0B406 /* EventSystem.cpp */,
				E3A1C56ACA5ABB18A5A59BA3 /* EventSystem.h */,
				B44A455E0B720A9A63FF5AA4 /* Events.h */,
			);
			path = events;
			sourceTree = "<group>";
		};
/* End PBXGroup section */

/* Begin PBXHeadersBuildPhase section */
		25679E7D803FA1DBFA704D58 /* Headers */ = {
			isa = PBXHeadersBuildPhase;
			buildActionMask = 2147483647;
			files = (
				92C536D12C245161008CD2BF /* AppleSoundUtils.h in Headers */,
				92C536D32C245161008CD2BF /* AppleUtils.h in Headers */,
				92C536D52C245161008CD2BF /* BackgroundMusicPlayer.h in Headers */,
				92C536D72C245161008CD2BF /* SfxPlayer.h in Headers */,
			);
			runOnlyForDeploymentPostprocessing = 0;
		};
/* End PBXHeadersBuildPhase section */

/* Begin PBXNativeTarget section */
		92C851552969A7CA0021923F /* ZekeFlipClientIOS */ = {
			isa = PBXNativeTarget;
			buildConfigurationList = 92C851872969A7CB0021923F /* Build configuration list for PBXNativeTarget "ZekeFlipClientIOS" */;
			buildPhases = (
				92C851522969A7CA0021923F /* Sources */,
				92C851532969A7CA0021923F /* Frameworks */,
				92C851542969A7CA0021923F /* Resources */,
				92C851B82969A9680021923F /* Embed Frameworks */,
				25679E7D803FA1DBFA704D58 /* Headers */,
			);
			buildRules = (
			);
			dependencies = (
			);
			name = ZekeFlipClientIOS;
			productName = StarBird;
			productReference = 92C851562969A7CA0021923F /* ZekeFlip.app */;
			productType = "com.apple.product-type.application";
		};
		92C851722969A7CB0021923F /* ZekeFlipClientIOSTests */ = {
			isa = PBXNativeTarget;
			buildConfigurationList = 92C8518A2969A7CB0021923F /* Build configuration list for PBXNativeTarget "ZekeFlipClientIOSTests" */;
			buildPhases = (
				92C8516F2969A7CB0021923F /* Sources */,
				92C851702969A7CB0021923F /* Frameworks */,
				92C851712969A7CB0021923F /* Resources */,
			);
			buildRules = (
			);
			dependencies = (
				92C851752969A7CB0021923F /* PBXTargetDependency */,
			);
			name = ZekeFlipClientIOSTests;
			productName = StarBirdTests;
			productReference = 92C851732969A7CB0021923F /* ZekeFlipClientIOSTests.xctest */;
			productType = "com.apple.product-type.bundle.unit-test";
		};
		92C8517C2969A7CB0021923F /* ZekeFlipClientIOSUITests */ = {
			isa = PBXNativeTarget;
			buildConfigurationList = 92C8518D2969A7CB0021923F /* Build configuration list for PBXNativeTarget "ZekeFlipClientIOSUITests" */;
			buildPhases = (
				92C851792969A7CB0021923F /* Sources */,
				92C8517A2969A7CB0021923F /* Frameworks */,
				92C8517B2969A7CB0021923F /* Resources */,
			);
			buildRules = (
			);
			dependencies = (
				92C8517F2969A7CB0021923F /* PBXTargetDependency */,
			);
			name = ZekeFlipClientIOSUITests;
			productName = StarBirdUITests;
			productReference = 92C8517D2969A7CB0021923F /* ZekeFlipClientIOSUITests.xctest */;
			productType = "com.apple.product-type.bundle.ui-testing";
		};
/* End PBXNativeTarget section */

/* Begin PBXProject section */
		92C8514E2969A7CA0021923F /* Project object */ = {
			isa = PBXProject;
			attributes = {
				BuildIndependentTargetsInParallel = 1;
				LastUpgradeCheck = 1410;
				TargetAttributes = {
					92C851552969A7CA0021923F = {
						CreatedOnToolsVersion = 14.1;
					};
					92C851722969A7CB0021923F = {
						CreatedOnToolsVersion = 14.1;
						TestTargetID = 92C851552969A7CA0021923F;
					};
					92C8517C2969A7CB0021923F = {
						CreatedOnToolsVersion = 14.1;
						TestTargetID = 92C851552969A7CA0021923F;
					};
				};
			};
			buildConfigurationList = 92C851512969A7CA0021923F /* Build configuration list for PBXProject "ZekeFlipClientIOS" */;
			compatibilityVersion = "Xcode 14.0";
			developmentRegion = en;
			hasScannedForEncodings = 0;
			knownRegions = (
				en,
				Base,
			);
			mainGroup = 92C8514D2969A7CA0021923F;
			productRefGroup = 92C851572969A7CA0021923F /* Products */;
			projectDirPath = "";
			projectRoot = "";
			targets = (
				92C851552969A7CA0021923F /* ZekeFlipClientIOS */,
				92C851722969A7CB0021923F /* ZekeFlipClientIOSTests */,
				92C8517C2969A7CB0021923F /* ZekeFlipClientIOSUITests */,
			);
		};
/* End PBXProject section */

/* Begin PBXResourcesBuildPhase section */
		92C851542969A7CA0021923F /* Resources */ = {
			isa = PBXResourcesBuildPhase;
			buildActionMask = 2147483647;
			files = (
				9206EC3D2ACDCD9100198337 /* assets in Resources */,
				92C8516C2969A7CB0021923F /* LaunchScreen.storyboard in Resources */,
				92C851692969A7CB0021923F /* Assets.xcassets in Resources */,
			);
			runOnlyForDeploymentPostprocessing = 0;
		};
		92C851712969A7CB0021923F /* Resources */ = {
			isa = PBXResourcesBuildPhase;
			buildActionMask = 2147483647;
			files = (
			);
			runOnlyForDeploymentPostprocessing = 0;
		};
		92C8517B2969A7CB0021923F /* Resources */ = {
			isa = PBXResourcesBuildPhase;
			buildActionMask = 2147483647;
			files = (
			);
			runOnlyForDeploymentPostprocessing = 0;
		};
/* End PBXResourcesBuildPhase section */

/* Begin PBXSourcesBuildPhase section */
		92C851522969A7CA0021923F /* Sources */ = {
			isa = PBXSourcesBuildPhase;
			buildActionMask = 2147483647;
			files = (
				9206EBD52ACDC3FF00198337 /* DataFileResource.cpp in Sources */,
				9206EBCF2ACDC3FF00198337 /* TextureResource.cpp in Sources */,
				92C536D62C245161008CD2BF /* BackgroundMusicPlayer.mm in Sources */,
				9206EBD82ACDC3FF00198337 /* MathUtils.cpp in Sources */,
				9206EBD12ACDC3FF00198337 /* OBJMeshLoader.cpp in Sources */,
				9206EBD22ACDC3FF00198337 /* ResourceLoadingService.cpp in Sources */,
				9206EBDB2ACDC3FF00198337 /* glew.c in Sources */,
				9206EBFE2ACDC99D00198337 /* RendererPlatformImpl.cpp in Sources */,
				9206EBFD2ACDC99D00198337 /* CoreSystemsEnginePlatformImpl.cpp in Sources */,
				92C851BA2969A9D70021923F /* main.cpp in Sources */,
				9206EBD42ACDC3FF00198337 /* ShaderResource.cpp in Sources */,
				9206EBD62ACDC3FF00198337 /* ShaderLoader.cpp in Sources */,
				9206EBCE2ACDC3FF00198337 /* Game.cpp in Sources */,
				9206EBDA2ACDC3FF00198337 /* Fonts.cpp in Sources */,
				9206EBD72ACDC3FF00198337 /* DataFileLoader.cpp in Sources */,
				9206EBD32ACDC3FF00198337 /* MeshResource.cpp in Sources */,
				9206EC002ACDC99D00198337 /* SDL_uikit_main.c in Sources */,
				9206EBDD2ACDC3FF00198337 /* Scene.cpp in Sources */,
				92C536D82C245161008CD2BF /* SfxPlayer.mm in Sources */,
				9206EBFF2ACDC99D00198337 /* InputStateManagerPlatformImpl.cpp in Sources */,
				9206EBD02ACDC3FF00198337 /* TextureLoader.cpp in Sources */,
				9206EBD92ACDC3FF00198337 /* Camera.cpp in Sources */,
				081A9A06DFDB6D2DCCCAE343 /* AnimationManager.cpp in Sources */,
				F5518A662447F238CCCAFE51 /* Animations.cpp in Sources */,
				2DEEC97E3FA3C0533CF8B865 /* AnimationManager.h in Sources */,
				786063C15D9206FCF4754A11 /* Animations.h in Sources */,
				FBD1FF1BF1985E3606DD20ED /* GameConstants.h in Sources */,
				860EB71A433096C480955728 /* SceneObjectUtils.cpp in Sources */,
				B4646BE5AB02E3828791D61E /* SceneObjectUtils.h in Sources */,
				AD7BB55992EC6177BB3DE6B1 /* RenderingUtils.cpp in Sources */,
				92C536D42C245161008CD2BF /* AppleUtils.mm in Sources */,
				7FF61324BBA1F6D4E1EC3F71 /* RenderingUtils.h in Sources */,
				5C9953DDFEE1C355339E8F4D /* EventSystem.cpp in Sources */,
				A2D77982E2E1A21D9C1F22E3 /* EventSystem.h in Sources */,
				4806A612F0016F3AA933D2E6 /* Events.h in Sources */,
				F387EFF89C4B3BB095B1E15E /* PlatformMacros.h in Sources */,
				A06267DC99AA41180FEEC5E7 /* IOSUtils.h in Sources */,
				E5D592440AA9DF7D9C7BBDE5 /* IOSUtils.mm in Sources */,
				AE22507215A89C5059C9B6E4 /* ParticleManager.cpp in Sources */,
				E822BAEB6AFB1F91FA785FA4 /* ParticleManager.h in Sources */,
				585B29CB2A5B327691092893 /* SceneManager.cpp in Sources */,
				63ACAC4B14C52F77FD898EB9 /* SceneManager.h in Sources */,
				67B1455F17EDD453F49F14AA /* ImageSurfaceResource.cpp in Sources */,
				8F23093EE098A3EBA8E96C18 /* ImageSurfaceLoader.cpp in Sources */,
				3BF66DE631A90A5B18DAA6D7 /* ImageSurfaceLoader.h in Sources */,
				92C536D22C245161008CD2BF /* AppleSoundUtils.mm in Sources */,
				87A8C87B81C696FE66FCCA16 /* ImageSurfaceResource.h in Sources */,
				0BBF6683EF819A4D125B98A0 /* ThreadSafeQueue.h in Sources */,
				3932349844F41A87BC153A8B /* TypeTraits.cpp in Sources */,
				46F6BCE0E0E5C698199D1767 /* BaseDataFileDeserializer.cpp in Sources */,
				CB369EDB3723CEDB16D2A2FE /* BaseDataFileSerializer.cpp in Sources */,
				DE60B65371427753F78EFC38 /* BaseDataFileDeserializer.h in Sources */,
				08AE236E40150C6D07B7AF70 /* BaseDataFileSerializer.h in Sources */,
				1EB158AD6807266C96047A69 /* SerializationDefinitions.h in Sources */,
				4E71A19BB3DA7B87946D19C7 /* Date.h in Sources */,
				5E2DBB8D2706EB68C9F73856 /* SoundManager.cpp in Sources */,
				66AB165A307A903CD1E44358 /* SoundManager.h in Sources */,
				4B4CF9850E3F8C1AC25DA9BE /* stb_image_write.h in Sources */,
				822FE0D9B0F43ABCCA670AEE /* Logging.cpp in Sources */,
				84315642A814819314A60879 /* Editor.cpp in Sources */,
				29126AABDF932B273DF5D906 /* Editor.h in Sources */,
				77C704E8876A1AC23EEE1182 /* CommonUniforms.h in Sources */,
				586FC82ED8145B0ED5BF060F /* AnimatedButton.cpp in Sources */,
				FF52D6C8F2065CA0B8338637 /* EditorImGuiCommands.inc in Sources */,
				C59F2802738C1A4F673A8FF7 /* AnimatedButton.h in Sources */,
				A331989FB0AE2A026AD426B9 /* EditorUtils.h in Sources */,
				55829FADDA61622F0EF0EB99 /* ZekeFlipClientReachability.h in Sources */,
				85C41770CE2B0030CEA2530E /* ZekeFlipClientReachability.m in Sources */,
				DC4584BE8A9D5469716C9E04 /* BoardState.cpp in Sources */,
				1A0A06ECB05A6339650AB10F /* BoardState.h in Sources */,
			);
			runOnlyForDeploymentPostprocessing = 0;
		};
		92C8516F2969A7CB0021923F /* Sources */ = {
			isa = PBXSourcesBuildPhase;
			buildActionMask = 2147483647;
			files = (
				03FC3B928C7FF7A88A3B6637 /* CommonUniforms.h in Sources */,
				89B307D51149EA58A7C49C5B /* AnimatedButton.cpp in Sources */,
				663B14CEBD3E12CA6431B90A /* EditorImGuiCommands.inc in Sources */,
				5700CF9344E97B37469EA5D0 /* AnimatedButton.h in Sources */,
				677F932299BE47880C7109AC /* EditorUtils.h in Sources */,
				ECB22A67621D8BA51C99C575 /* ZekeFlipClientReachability.h in Sources */,
				4B5EE6B6AF15AF7217A0A53D /* ZekeFlipClientReachability.m in Sources */,
				E02F168FEC19F5B6ECBD096F /* BoardState.cpp in Sources */,
				92B70E11E488B7FC538EE2AF /* BoardState.h in Sources */,
			);
			runOnlyForDeploymentPostprocessing = 0;
		};
		92C851792969A7CB0021923F /* Sources */ = {
			isa = PBXSourcesBuildPhase;
			buildActionMask = 2147483647;
			files = (
				CDD8CCF3F48EB6F564C1E6D6 /* CommonUniforms.h in Sources */,
				CAFC5CC097FDBAAB25D2E05B /* AnimatedButton.cpp in Sources */,
				E62596325185C6377F2964D5 /* EditorImGuiCommands.inc in Sources */,
				41E7E2FEFA9B22AD3A7B3599 /* AnimatedButton.h in Sources */,
				44086937DD07908B28F64CDE /* EditorUtils.h in Sources */,
				B370C48D775F88C36EC2D794 /* ZekeFlipClientReachability.h in Sources */,
				B3DB0F08953CBEE7D2F5B41B /* ZekeFlipClientReachability.m in Sources */,
				B804DE2F9BEBBBC2BCB8C13A /* BoardState.cpp in Sources */,
				375CF744752DAD753E71E484 /* BoardState.h in Sources */,
			);
			runOnlyForDeploymentPostprocessing = 0;
		};
/* End PBXSourcesBuildPhase section */

/* Begin PBXTargetDependency section */
		92C851752969A7CB0021923F /* PBXTargetDependency */ = {
			isa = PBXTargetDependency;
			target = 92C851552969A7CA0021923F /* ZekeFlipClientIOS */;
			targetProxy = 92C851742969A7CB0021923F /* PBXContainerItemProxy */;
		};
		92C8517F2969A7CB0021923F /* PBXTargetDependency */ = {
			isa = PBXTargetDependency;
			target = 92C851552969A7CA0021923F /* ZekeFlipClientIOS */;
			targetProxy = 92C8517E2969A7CB0021923F /* PBXContainerItemProxy */;
		};
/* End PBXTargetDependency section */

/* Begin PBXVariantGroup section */
		92C8516A2969A7CB0021923F /* LaunchScreen.storyboard */ = {
			isa = PBXVariantGroup;
			children = (
				92C8516B2969A7CB0021923F /* Base */,
			);
			name = LaunchScreen.storyboard;
			sourceTree = "<group>";
		};
/* End PBXVariantGroup section */

/* Begin XCBuildConfiguration section */
		92C851852969A7CB0021923F /* Debug */ = {
			isa = XCBuildConfiguration;
			buildSettings = {
				ALWAYS_SEARCH_USER_PATHS = NO;
				CLANG_ANALYZER_NONNULL = YES;
				CLANG_ANALYZER_NUMBER_OBJECT_CONVERSION = YES_AGGRESSIVE;
				CLANG_CXX_LANGUAGE_STANDARD = "gnu++23";
				CLANG_ENABLE_MODULES = YES;
				CLANG_ENABLE_OBJC_ARC = YES;
				CLANG_ENABLE_OBJC_WEAK = YES;
				CLANG_WARN_BLOCK_CAPTURE_AUTORELEASING = YES;
				CLANG_WARN_BOOL_CONVERSION = YES;
				CLANG_WARN_COMMA = YES;
				CLANG_WARN_CONSTANT_CONVERSION = YES;
				CLANG_WARN_DEPRECATED_OBJC_IMPLEMENTATIONS = YES;
				CLANG_WARN_DIRECT_OBJC_ISA_USAGE = YES_ERROR;
				CLANG_WARN_DOCUMENTATION_COMMENTS = YES;
				CLANG_WARN_EMPTY_BODY = YES;
				CLANG_WARN_ENUM_CONVERSION = YES;
				CLANG_WARN_INFINITE_RECURSION = YES;
				CLANG_WARN_INT_CONVERSION = YES;
				CLANG_WARN_NON_LITERAL_NULL_CONVERSION = YES;
				CLANG_WARN_OBJC_IMPLICIT_RETAIN_SELF = YES;
				CLANG_WARN_OBJC_LITERAL_CONVERSION = YES;
				CLANG_WARN_OBJC_ROOT_CLASS = YES_ERROR;
				CLANG_WARN_QUOTED_INCLUDE_IN_FRAMEWORK_HEADER = YES;
				CLANG_WARN_RANGE_LOOP_ANALYSIS = YES;
				CLANG_WARN_STRICT_PROTOTYPES = YES;
				CLANG_WARN_SUSPICIOUS_MOVE = YES;
				CLANG_WARN_UNGUARDED_AVAILABILITY = YES_AGGRESSIVE;
				CLANG_WARN_UNREACHABLE_CODE = YES;
				CLANG_WARN__DUPLICATE_METHOD_MATCH = YES;
				COPY_PHASE_STRIP = NO;
				DEBUG_INFORMATION_FORMAT = dwarf;
				ENABLE_STRICT_OBJC_MSGSEND = YES;
				ENABLE_TESTABILITY = YES;
				GCC_C_LANGUAGE_STANDARD = gnu17;
				GCC_DYNAMIC_NO_PIC = NO;
				GCC_NO_COMMON_BLOCKS = YES;
				GCC_OPTIMIZATION_LEVEL = 0;
				GCC_PREPROCESSOR_DEFINITIONS = (
					"DEBUG=1",
					"$(inherited)",
				);
				GCC_WARN_64_TO_32_BIT_CONVERSION = YES;
				GCC_WARN_ABOUT_RETURN_TYPE = YES_ERROR;
				GCC_WARN_UNDECLARED_SELECTOR = YES;
				GCC_WARN_UNINITIALIZED_AUTOS = YES_AGGRESSIVE;
				GCC_WARN_UNUSED_FUNCTION = YES;
				GCC_WARN_UNUSED_VARIABLE = YES;
				IPHONEOS_DEPLOYMENT_TARGET = 16.1;
				MACOSX_DEPLOYMENT_TARGET = 12.4;
				MARKETING_VERSION = 1.4;
				MTL_ENABLE_DEBUG_INFO = INCLUDE_SOURCE;
				MTL_FAST_MATH = YES;
				ONLY_ACTIVE_ARCH = YES;
				SDKROOT = iphoneos;
			};
			name = Debug;
		};
		92C851862969A7CB0021923F /* Release */ = {
			isa = XCBuildConfiguration;
			buildSettings = {
				ALWAYS_SEARCH_USER_PATHS = NO;
				CLANG_ANALYZER_NONNULL = YES;
				CLANG_ANALYZER_NUMBER_OBJECT_CONVERSION = YES_AGGRESSIVE;
				CLANG_CXX_LANGUAGE_STANDARD = "gnu++23";
				CLANG_ENABLE_MODULES = YES;
				CLANG_ENABLE_OBJC_ARC = YES;
				CLANG_ENABLE_OBJC_WEAK = YES;
				CLANG_WARN_BLOCK_CAPTURE_AUTORELEASING = YES;
				CLANG_WARN_BOOL_CONVERSION = YES;
				CLANG_WARN_COMMA = YES;
				CLANG_WARN_CONSTANT_CONVERSION = YES;
				CLANG_WARN_DEPRECATED_OBJC_IMPLEMENTATIONS = YES;
				CLANG_WARN_DIRECT_OBJC_ISA_USAGE = YES_ERROR;
				CLANG_WARN_DOCUMENTATION_COMMENTS = YES;
				CLANG_WARN_EMPTY_BODY = YES;
				CLANG_WARN_ENUM_CONVERSION = YES;
				CLANG_WARN_INFINITE_RECURSION = YES;
				CLANG_WARN_INT_CONVERSION = YES;
				CLANG_WARN_NON_LITERAL_NULL_CONVERSION = YES;
				CLANG_WARN_OBJC_IMPLICIT_RETAIN_SELF = YES;
				CLANG_WARN_OBJC_LITERAL_CONVERSION = YES;
				CLANG_WARN_OBJC_ROOT_CLASS = YES_ERROR;
				CLANG_WARN_QUOTED_INCLUDE_IN_FRAMEWORK_HEADER = YES;
				CLANG_WARN_RANGE_LOOP_ANALYSIS = YES;
				CLANG_WARN_STRICT_PROTOTYPES = YES;
				CLANG_WARN_SUSPICIOUS_MOVE = YES;
				CLANG_WARN_UNGUARDED_AVAILABILITY = YES_AGGRESSIVE;
				CLANG_WARN_UNREACHABLE_CODE = YES;
				CLANG_WARN__DUPLICATE_METHOD_MATCH = YES;
				COPY_PHASE_STRIP = NO;
				DEBUG_INFORMATION_FORMAT = "dwarf-with-dsym";
				ENABLE_NS_ASSERTIONS = NO;
				ENABLE_STRICT_OBJC_MSGSEND = YES;
				GCC_C_LANGUAGE_STANDARD = gnu17;
				GCC_NO_COMMON_BLOCKS = YES;
				GCC_WARN_64_TO_32_BIT_CONVERSION = YES;
				GCC_WARN_ABOUT_RETURN_TYPE = YES_ERROR;
				GCC_WARN_UNDECLARED_SELECTOR = YES;
				GCC_WARN_UNINITIALIZED_AUTOS = YES_AGGRESSIVE;
				GCC_WARN_UNUSED_FUNCTION = YES;
				GCC_WARN_UNUSED_VARIABLE = YES;
				IPHONEOS_DEPLOYMENT_TARGET = 16.1;
				MACOSX_DEPLOYMENT_TARGET = 12.4;
				MARKETING_VERSION = 1.4;
				MTL_ENABLE_DEBUG_INFO = NO;
				MTL_FAST_MATH = YES;
				SDKROOT = iphoneos;
				VALIDATE_PRODUCT = YES;
			};
			name = Release;
		};
		92C851882969A7CB0021923F /* Debug */ = {
			isa = XCBuildConfiguration;
			buildSettings = {
				ASSETCATALOG_COMPILER_APPICON_NAME = AppIcon;
				ASSETCATALOG_COMPILER_GLOBAL_ACCENT_COLOR_NAME = AccentColor;
				CLANG_CXX_LANGUAGE_STANDARD = "gnu++20";
				CODE_SIGN_ENTITLEMENTS = ZekeFlipClientIOS/ZekeFlipClientIOS.entitlements;
				CODE_SIGN_IDENTITY = "Apple Development";
				CODE_SIGN_STYLE = Automatic;
				CURRENT_PROJECT_VERSION = 1.0.0;
				DEVELOPMENT_TEAM = XS89APN396;
				FRAMEWORK_SEARCH_PATHS = "/Users/Code/SDL-ios-frameworks";
				GENERATE_INFOPLIST_FILE = YES;
				HEADER_SEARCH_PATHS = (
					"\"$(SRCROOT)/ThirdParty/SDL-source/include\"",
					"\"$(SRCROOT)/../../lib/glm\"",
					"\"$(SRCROOT)/../../source_common\"",
					"\"$(SRCROOT)/../../source_ios\"",
					"\"$(SRCROOT)/ThirdParty/SDL_image-source\"",
					"\"$(SRCROOT)/../../lib/json\"",
					"\"$(SRCROOT)/../../source_apple_utilities\"",
					"\"$(SRCROOT)/../../source_net_common\"",
				);
				INFOPLIST_FILE = ZekeFlipClientIOS/Info.plist;
				INFOPLIST_KEY_NSBluetoothAlwaysUsageDescription = "Bluetooth connection allows for Music & Sounds to be played while wearing wireless headphones.";
				INFOPLIST_KEY_UIApplicationSupportsIndirectInputEvents = YES;
				INFOPLIST_KEY_UILaunchStoryboardName = LaunchScreen;
				INFOPLIST_KEY_UIRequiredDeviceCapabilities = metal;
				INFOPLIST_KEY_UIRequiresFullScreen = YES;
				INFOPLIST_KEY_UIStatusBarHidden = YES;
				INFOPLIST_KEY_UISupportedInterfaceOrientations = UIInterfaceOrientationPortrait;
				IPHONEOS_DEPLOYMENT_TARGET = 15.5;
				LD_RUNPATH_SEARCH_PATHS = (
					"$(inherited)",
					"@executable_path/Frameworks",
				);
				LIBRARY_SEARCH_PATHS = "";
				MARKETING_VERSION = 1.0;
				PRODUCT_BUNDLE_IDENTIFIER = com.alexkoukoulas2074245k.ZekeFlip;
				PRODUCT_MODULE_NAME = Zeke_Flip_Client;
				PRODUCT_NAME = ZekeFlip;
				PROVISIONING_PROFILE_SPECIFIER = "";
				SUPPORTED_PLATFORMS = "iphoneos iphonesimulator";
				SUPPORTS_MACCATALYST = NO;
				SUPPORTS_MAC_DESIGNED_FOR_IPHONE_IPAD = NO;
				SUPPORTS_XR_DESIGNED_FOR_IPHONE_IPAD = YES;
				SWIFT_EMIT_LOC_STRINGS = YES;
				SYSTEM_HEADER_SEARCH_PATHS = "";
				TARGETED_DEVICE_FAMILY = "1,2";
			};
			name = Debug;
		};
		92C851892969A7CB0021923F /* Release */ = {
			isa = XCBuildConfiguration;
			buildSettings = {
				ASSETCATALOG_COMPILER_APPICON_NAME = AppIcon;
				ASSETCATALOG_COMPILER_GLOBAL_ACCENT_COLOR_NAME = AccentColor;
				CLANG_CXX_LANGUAGE_STANDARD = "gnu++20";
				CODE_SIGN_ENTITLEMENTS = ZekeFlipClientIOS/ZekeFlipClientIOS.entitlements;
				CODE_SIGN_IDENTITY = "Apple Development";
				CODE_SIGN_STYLE = Automatic;
				CURRENT_PROJECT_VERSION = 1.0.0;
				DEVELOPMENT_TEAM = XS89APN396;
				FRAMEWORK_SEARCH_PATHS = "/Users/Code/SDL-ios-frameworks";
				GENERATE_INFOPLIST_FILE = YES;
				HEADER_SEARCH_PATHS = (
					"\"$(SRCROOT)/ThirdParty/SDL-source/include\"",
					"\"$(SRCROOT)/../../lib/glm\"",
					"\"$(SRCROOT)/../../source_common\"",
					"\"$(SRCROOT)/../../source_ios\"",
					"\"$(SRCROOT)/ThirdParty/SDL_image-source\"",
					"\"$(SRCROOT)/../../lib/json\"",
					"\"$(SRCROOT)/../../source_apple_utilities\"",
					"\"$(SRCROOT)/../../source_net_common\"",
				);
				INFOPLIST_FILE = ZekeFlipClientIOS/Info.plist;
				INFOPLIST_KEY_NSBluetoothAlwaysUsageDescription = "Bluetooth connection allows for Music & Sounds to be played while wearing wireless headphones.";
				INFOPLIST_KEY_UIApplicationSupportsIndirectInputEvents = YES;
				INFOPLIST_KEY_UILaunchStoryboardName = LaunchScreen;
				INFOPLIST_KEY_UIRequiredDeviceCapabilities = metal;
				INFOPLIST_KEY_UIRequiresFullScreen = YES;
				INFOPLIST_KEY_UIStatusBarHidden = YES;
				INFOPLIST_KEY_UISupportedInterfaceOrientations = UIInterfaceOrientationPortrait;
				IPHONEOS_DEPLOYMENT_TARGET = 15.5;
				LD_RUNPATH_SEARCH_PATHS = (
					"$(inherited)",
					"@executable_path/Frameworks",
				);
				LIBRARY_SEARCH_PATHS = "";
				MARKETING_VERSION = 1.0;
				PRODUCT_BUNDLE_IDENTIFIER = com.alexkoukoulas2074245k.ZekeFlip;
				PRODUCT_MODULE_NAME = Zeke_Flip_Client;
				PRODUCT_NAME = ZekeFlip;
				PROVISIONING_PROFILE_SPECIFIER = "";
				SUPPORTED_PLATFORMS = "iphoneos iphonesimulator";
				SUPPORTS_MACCATALYST = NO;
				SUPPORTS_MAC_DESIGNED_FOR_IPHONE_IPAD = NO;
				SUPPORTS_XR_DESIGNED_FOR_IPHONE_IPAD = YES;
				SWIFT_EMIT_LOC_STRINGS = YES;
				SYSTEM_HEADER_SEARCH_PATHS = "";
				TARGETED_DEVICE_FAMILY = "1,2";
			};
			name = Release;
		};
		92C8518B2969A7CB0021923F /* Debug */ = {
			isa = XCBuildConfiguration;
			buildSettings = {
				BUNDLE_LOADER = "$(TEST_HOST)";
				CODE_SIGN_STYLE = Automatic;
				CURRENT_PROJECT_VERSION = 1;
				DEVELOPMENT_TEAM = XS89APN396;
				GENERATE_INFOPLIST_FILE = YES;
				IPHONEOS_DEPLOYMENT_TARGET = 16.1;
				MARKETING_VERSION = 1.0;
				PRODUCT_BUNDLE_IDENTIFIER = com.alexkoukoulas2074245k.StarBirdTests;
				PRODUCT_NAME = "$(TARGET_NAME)";
				SWIFT_EMIT_LOC_STRINGS = NO;
				TARGETED_DEVICE_FAMILY = "1,2";
				TEST_HOST = "$(BUILT_PRODUCTS_DIR)/ZekeFlipClientIOS.app/$(BUNDLE_EXECUTABLE_FOLDER_PATH)/ZekeFlipClientIOS";
			};
			name = Debug;
		};
		92C8518C2969A7CB0021923F /* Release */ = {
			isa = XCBuildConfiguration;
			buildSettings = {
				BUNDLE_LOADER = "$(TEST_HOST)";
				CODE_SIGN_STYLE = Automatic;
				CURRENT_PROJECT_VERSION = 1;
				DEVELOPMENT_TEAM = XS89APN396;
				GENERATE_INFOPLIST_FILE = YES;
				IPHONEOS_DEPLOYMENT_TARGET = 16.1;
				MARKETING_VERSION = 1.0;
				PRODUCT_BUNDLE_IDENTIFIER = com.alexkoukoulas2074245k.StarBirdTests;
				PRODUCT_NAME = "$(TARGET_NAME)";
				SWIFT_EMIT_LOC_STRINGS = NO;
				TARGETED_DEVICE_FAMILY = "1,2";
				TEST_HOST = "$(BUILT_PRODUCTS_DIR)/ZekeFlipClientIOS.app/$(BUNDLE_EXECUTABLE_FOLDER_PATH)/ZekeFlipClientIOS";
			};
			name = Release;
		};
		92C8518E2969A7CB0021923F /* Debug */ = {
			isa = XCBuildConfiguration;
			buildSettings = {
				CODE_SIGN_STYLE = Automatic;
				CURRENT_PROJECT_VERSION = 1;
				DEVELOPMENT_TEAM = XS89APN396;
				GENERATE_INFOPLIST_FILE = YES;
				MARKETING_VERSION = 1.0;
				PRODUCT_BUNDLE_IDENTIFIER = com.alexkoukoulas2074245k.StarBirdUITests;
				PRODUCT_NAME = "$(TARGET_NAME)";
				SWIFT_EMIT_LOC_STRINGS = NO;
				TARGETED_DEVICE_FAMILY = "1,2";
				TEST_TARGET_NAME = StarBird;
			};
			name = Debug;
		};
		92C8518F2969A7CB0021923F /* Release */ = {
			isa = XCBuildConfiguration;
			buildSettings = {
				CODE_SIGN_STYLE = Automatic;
				CURRENT_PROJECT_VERSION = 1;
				DEVELOPMENT_TEAM = XS89APN396;
				GENERATE_INFOPLIST_FILE = YES;
				MARKETING_VERSION = 1.0;
				PRODUCT_BUNDLE_IDENTIFIER = com.alexkoukoulas2074245k.StarBirdUITests;
				PRODUCT_NAME = "$(TARGET_NAME)";
				SWIFT_EMIT_LOC_STRINGS = NO;
				TARGETED_DEVICE_FAMILY = "1,2";
				TEST_TARGET_NAME = StarBird;
			};
			name = Release;
		};
/* End XCBuildConfiguration section */

/* Begin XCConfigurationList section */
		92C851512969A7CA0021923F /* Build configuration list for PBXProject "ZekeFlipClientIOS" */ = {
			isa = XCConfigurationList;
			buildConfigurations = (
				92C851852969A7CB0021923F /* Debug */,
				92C851862969A7CB0021923F /* Release */,
			);
			defaultConfigurationIsVisible = 0;
			defaultConfigurationName = Release;
		};
		92C851872969A7CB0021923F /* Build configuration list for PBXNativeTarget "ZekeFlipClientIOS" */ = {
			isa = XCConfigurationList;
			buildConfigurations = (
				92C851882969A7CB0021923F /* Debug */,
				92C851892969A7CB0021923F /* Release */,
			);
			defaultConfigurationIsVisible = 0;
			defaultConfigurationName = Release;
		};
		92C8518A2969A7CB0021923F /* Build configuration list for PBXNativeTarget "ZekeFlipClientIOSTests" */ = {
			isa = XCConfigurationList;
			buildConfigurations = (
				92C8518B2969A7CB0021923F /* Debug */,
				92C8518C2969A7CB0021923F /* Release */,
			);
			defaultConfigurationIsVisible = 0;
			defaultConfigurationName = Release;
		};
		92C8518D2969A7CB0021923F /* Build configuration list for PBXNativeTarget "ZekeFlipClientIOSUITests" */ = {
			isa = XCConfigurationList;
			buildConfigurations = (
				92C8518E2969A7CB0021923F /* Debug */,
				92C8518F2969A7CB0021923F /* Release */,
			);
			defaultConfigurationIsVisible = 0;
			defaultConfigurationName = Release;
		};
/* End XCConfigurationList section */
	};
	rootObject = 92C8514E2969A7CA0021923F /* Project object */;
}
